
Microsoft Visual Studio Solution File, Format Version 12.00
# Visual Studio Version 16
VisualStudioVersion = 16.0.28803.452
MinimumVisualStudioVersion = 10.0.40219.1
Project("{9A19103F-16F7-4668-BE54-9A1E7A4F7556}") = "Blastic.Sample", "Blastic.Sample\Blastic.Sample.csproj", "{4590E6CE-2C76-4299-B6D4-E1395A7AF8DE}"
EndProject
Project("{9A19103F-16F7-4668-BE54-9A1E7A4F7556}") = "Blastic", "Blastic\Blastic.csproj", "{2482D54F-3264-4DC1-9DBE-00CC325D39EF}"
EndProject
Project("{9A19103F-16F7-4668-BE54-9A1E7A4F7556}") = "Blastic.Data", "Blastic.Data\Blastic.Data.csproj", "{554E027F-D0B0-4F93-AFCB-0C6A873A069E}"
EndProject
Project("{9A19103F-16F7-4668-BE54-9A1E7A4F7556}") = "Blastic.Common", "Blastic.Common\Blastic.Common.csproj", "{8053D133-AEAD-46D3-AECF-81ED5332FD27}"
EndProject
Project("{D954291E-2A0B-460D-934E-DC6B0785DB48}") = "Blastic.Uno.Shared", "Blastic.Uno\Blastic.Uno.Shared\Blastic.Uno.Shared.shproj", "{6279C845-92F8-4333-AB99-3D213163593C}"
EndProject
Project("{FAE04EC0-301F-11D3-BF4B-00C04F79EFBC}") = "Blastic.Uno.Droid", "Blastic.Uno\Blastic.Uno.Droid\Blastic.Uno.Droid.csproj", "{52DC31E8-344B-4688-9366-4610D93131AF}"
EndProject
Project("{FAE04EC0-301F-11D3-BF4B-00C04F79EFBC}") = "Blastic.Uno.iOS", "Blastic.Uno\Blastic.Uno.iOS\Blastic.Uno.iOS.csproj", "{9F9E83AE-25CA-473E-A8D3-EA123813BC54}"
EndProject
Project("{FAE04EC0-301F-11D3-BF4B-00C04F79EFBC}") = "Blastic.Uno.UWP", "Blastic.Uno\Blastic.Uno.UWP\Blastic.Uno.UWP.csproj", "{EFBAEC47-CD03-4FE8-8DB1-B20C6FE0697E}"
EndProject
Project("{9A19103F-16F7-4668-BE54-9A1E7A4F7556}") = "Blastic.Uno.Wasm", "Blastic.Uno\Blastic.Uno.Wasm\Blastic.Uno.Wasm.csproj", "{13E851C0-1301-44F4-880F-C96B95B8E132}"
EndProject
Project("{FAE04EC0-301F-11D3-BF4B-00C04F79EFBC}") = "Blastic.Uno.Library", "Blastic.Uno.Library\Blastic.Uno.Library.csproj", "{39C9CCBB-7779-4369-BC21-2DBA35B95E6A}"
EndProject
Global
	GlobalSection(SharedMSBuildProjectFiles) = preSolution
		Blastic.Uno\Blastic.Uno.Shared\Blastic.Uno.Shared.projitems*{52dc31e8-344b-4688-9366-4610d93131af}*SharedItemsImports = 4
		Blastic.Uno\Blastic.Uno.Shared\Blastic.Uno.Shared.projitems*{6279c845-92f8-4333-ab99-3d213163593c}*SharedItemsImports = 13
		Blastic.Uno\Blastic.Uno.Shared\Blastic.Uno.Shared.projitems*{9f9e83ae-25ca-473e-a8d3-ea123813bc54}*SharedItemsImports = 4
		Blastic.Uno\Blastic.Uno.Shared\Blastic.Uno.Shared.projitems*{efbaec47-cd03-4fe8-8db1-b20c6fe0697e}*SharedItemsImports = 4
	EndGlobalSection
	GlobalSection(SolutionConfigurationPlatforms) = preSolution
		Ad-Hoc|Any CPU = Ad-Hoc|Any CPU
		Ad-Hoc|ARM = Ad-Hoc|ARM
		Ad-Hoc|iPhone = Ad-Hoc|iPhone
		Ad-Hoc|iPhoneSimulator = Ad-Hoc|iPhoneSimulator
		Ad-Hoc|x64 = Ad-Hoc|x64
		Ad-Hoc|x86 = Ad-Hoc|x86
		AppStore|Any CPU = AppStore|Any CPU
		AppStore|ARM = AppStore|ARM
		AppStore|iPhone = AppStore|iPhone
		AppStore|iPhoneSimulator = AppStore|iPhoneSimulator
		AppStore|x64 = AppStore|x64
		AppStore|x86 = AppStore|x86
		Debug|Any CPU = Debug|Any CPU
		Debug|ARM = Debug|ARM
		Debug|iPhone = Debug|iPhone
		Debug|iPhoneSimulator = Debug|iPhoneSimulator
		Debug|x64 = Debug|x64
		Debug|x86 = Debug|x86
		Release|Any CPU = Release|Any CPU
		Release|ARM = Release|ARM
		Release|iPhone = Release|iPhone
		Release|iPhoneSimulator = Release|iPhoneSimulator
		Release|x64 = Release|x64
		Release|x86 = Release|x86
	EndGlobalSection
	GlobalSection(ProjectConfigurationPlatforms) = postSolution
		{4590E6CE-2C76-4299-B6D4-E1395A7AF8DE}.Ad-Hoc|Any CPU.ActiveCfg = Release|Any CPU
		{4590E6CE-2C76-4299-B6D4-E1395A7AF8DE}.Ad-Hoc|Any CPU.Build.0 = Release|Any CPU
		{4590E6CE-2C76-4299-B6D4-E1395A7AF8DE}.Ad-Hoc|ARM.ActiveCfg = Release|Any CPU
		{4590E6CE-2C76-4299-B6D4-E1395A7AF8DE}.Ad-Hoc|ARM.Build.0 = Release|Any CPU
		{4590E6CE-2C76-4299-B6D4-E1395A7AF8DE}.Ad-Hoc|iPhone.ActiveCfg = Release|Any CPU
		{4590E6CE-2C76-4299-B6D4-E1395A7AF8DE}.Ad-Hoc|iPhone.Build.0 = Release|Any CPU
		{4590E6CE-2C76-4299-B6D4-E1395A7AF8DE}.Ad-Hoc|iPhoneSimulator.ActiveCfg = Release|Any CPU
		{4590E6CE-2C76-4299-B6D4-E1395A7AF8DE}.Ad-Hoc|iPhoneSimulator.Build.0 = Release|Any CPU
		{4590E6CE-2C76-4299-B6D4-E1395A7AF8DE}.Ad-Hoc|x64.ActiveCfg = Release|Any CPU
		{4590E6CE-2C76-4299-B6D4-E1395A7AF8DE}.Ad-Hoc|x64.Build.0 = Release|Any CPU
		{4590E6CE-2C76-4299-B6D4-E1395A7AF8DE}.Ad-Hoc|x86.ActiveCfg = Release|Any CPU
		{4590E6CE-2C76-4299-B6D4-E1395A7AF8DE}.Ad-Hoc|x86.Build.0 = Release|Any CPU
		{4590E6CE-2C76-4299-B6D4-E1395A7AF8DE}.AppStore|Any CPU.ActiveCfg = Release|Any CPU
		{4590E6CE-2C76-4299-B6D4-E1395A7AF8DE}.AppStore|Any CPU.Build.0 = Release|Any CPU
		{4590E6CE-2C76-4299-B6D4-E1395A7AF8DE}.AppStore|ARM.ActiveCfg = Release|Any CPU
		{4590E6CE-2C76-4299-B6D4-E1395A7AF8DE}.AppStore|ARM.Build.0 = Release|Any CPU
		{4590E6CE-2C76-4299-B6D4-E1395A7AF8DE}.AppStore|iPhone.ActiveCfg = Release|Any CPU
		{4590E6CE-2C76-4299-B6D4-E1395A7AF8DE}.AppStore|iPhone.Build.0 = Release|Any CPU
		{4590E6CE-2C76-4299-B6D4-E1395A7AF8DE}.AppStore|iPhoneSimulator.ActiveCfg = Release|Any CPU
		{4590E6CE-2C76-4299-B6D4-E1395A7AF8DE}.AppStore|iPhoneSimulator.Build.0 = Release|Any CPU
		{4590E6CE-2C76-4299-B6D4-E1395A7AF8DE}.AppStore|x64.ActiveCfg = Release|Any CPU
		{4590E6CE-2C76-4299-B6D4-E1395A7AF8DE}.AppStore|x64.Build.0 = Release|Any CPU
		{4590E6CE-2C76-4299-B6D4-E1395A7AF8DE}.AppStore|x86.ActiveCfg = Release|Any CPU
		{4590E6CE-2C76-4299-B6D4-E1395A7AF8DE}.AppStore|x86.Build.0 = Release|Any CPU
		{4590E6CE-2C76-4299-B6D4-E1395A7AF8DE}.Debug|Any CPU.ActiveCfg = Debug|Any CPU
		{4590E6CE-2C76-4299-B6D4-E1395A7AF8DE}.Debug|Any CPU.Build.0 = Debug|Any CPU
		{4590E6CE-2C76-4299-B6D4-E1395A7AF8DE}.Debug|ARM.ActiveCfg = Debug|Any CPU
		{4590E6CE-2C76-4299-B6D4-E1395A7AF8DE}.Debug|ARM.Build.0 = Debug|Any CPU
		{4590E6CE-2C76-4299-B6D4-E1395A7AF8DE}.Debug|iPhone.ActiveCfg = Debug|Any CPU
		{4590E6CE-2C76-4299-B6D4-E1395A7AF8DE}.Debug|iPhone.Build.0 = Debug|Any CPU
		{4590E6CE-2C76-4299-B6D4-E1395A7AF8DE}.Debug|iPhoneSimulator.ActiveCfg = Debug|Any CPU
		{4590E6CE-2C76-4299-B6D4-E1395A7AF8DE}.Debug|iPhoneSimulator.Build.0 = Debug|Any CPU
		{4590E6CE-2C76-4299-B6D4-E1395A7AF8DE}.Debug|x64.ActiveCfg = Debug|Any CPU
		{4590E6CE-2C76-4299-B6D4-E1395A7AF8DE}.Debug|x64.Build.0 = Debug|Any CPU
		{4590E6CE-2C76-4299-B6D4-E1395A7AF8DE}.Debug|x86.ActiveCfg = Debug|Any CPU
		{4590E6CE-2C76-4299-B6D4-E1395A7AF8DE}.Debug|x86.Build.0 = Debug|Any CPU
		{4590E6CE-2C76-4299-B6D4-E1395A7AF8DE}.Release|Any CPU.ActiveCfg = Release|Any CPU
		{4590E6CE-2C76-4299-B6D4-E1395A7AF8DE}.Release|Any CPU.Build.0 = Release|Any CPU
		{4590E6CE-2C76-4299-B6D4-E1395A7AF8DE}.Release|ARM.ActiveCfg = Release|Any CPU
		{4590E6CE-2C76-4299-B6D4-E1395A7AF8DE}.Release|ARM.Build.0 = Release|Any CPU
		{4590E6CE-2C76-4299-B6D4-E1395A7AF8DE}.Release|iPhone.ActiveCfg = Release|Any CPU
		{4590E6CE-2C76-4299-B6D4-E1395A7AF8DE}.Release|iPhone.Build.0 = Release|Any CPU
		{4590E6CE-2C76-4299-B6D4-E1395A7AF8DE}.Release|iPhoneSimulator.ActiveCfg = Release|Any CPU
		{4590E6CE-2C76-4299-B6D4-E1395A7AF8DE}.Release|iPhoneSimulator.Build.0 = Release|Any CPU
		{4590E6CE-2C76-4299-B6D4-E1395A7AF8DE}.Release|x64.ActiveCfg = Release|Any CPU
		{4590E6CE-2C76-4299-B6D4-E1395A7AF8DE}.Release|x64.Build.0 = Release|Any CPU
		{4590E6CE-2C76-4299-B6D4-E1395A7AF8DE}.Release|x86.ActiveCfg = Release|Any CPU
		{4590E6CE-2C76-4299-B6D4-E1395A7AF8DE}.Release|x86.Build.0 = Release|Any CPU
		{2482D54F-3264-4DC1-9DBE-00CC325D39EF}.Ad-Hoc|Any CPU.ActiveCfg = Release|Any CPU
		{2482D54F-3264-4DC1-9DBE-00CC325D39EF}.Ad-Hoc|Any CPU.Build.0 = Release|Any CPU
		{2482D54F-3264-4DC1-9DBE-00CC325D39EF}.Ad-Hoc|ARM.ActiveCfg = Release|Any CPU
		{2482D54F-3264-4DC1-9DBE-00CC325D39EF}.Ad-Hoc|ARM.Build.0 = Release|Any CPU
		{2482D54F-3264-4DC1-9DBE-00CC325D39EF}.Ad-Hoc|iPhone.ActiveCfg = Release|Any CPU
		{2482D54F-3264-4DC1-9DBE-00CC325D39EF}.Ad-Hoc|iPhone.Build.0 = Release|Any CPU
		{2482D54F-3264-4DC1-9DBE-00CC325D39EF}.Ad-Hoc|iPhoneSimulator.ActiveCfg = Release|Any CPU
		{2482D54F-3264-4DC1-9DBE-00CC325D39EF}.Ad-Hoc|iPhoneSimulator.Build.0 = Release|Any CPU
		{2482D54F-3264-4DC1-9DBE-00CC325D39EF}.Ad-Hoc|x64.ActiveCfg = Release|Any CPU
		{2482D54F-3264-4DC1-9DBE-00CC325D39EF}.Ad-Hoc|x64.Build.0 = Release|Any CPU
		{2482D54F-3264-4DC1-9DBE-00CC325D39EF}.Ad-Hoc|x86.ActiveCfg = Release|Any CPU
		{2482D54F-3264-4DC1-9DBE-00CC325D39EF}.Ad-Hoc|x86.Build.0 = Release|Any CPU
		{2482D54F-3264-4DC1-9DBE-00CC325D39EF}.AppStore|Any CPU.ActiveCfg = Release|Any CPU
		{2482D54F-3264-4DC1-9DBE-00CC325D39EF}.AppStore|Any CPU.Build.0 = Release|Any CPU
		{2482D54F-3264-4DC1-9DBE-00CC325D39EF}.AppStore|ARM.ActiveCfg = Release|Any CPU
		{2482D54F-3264-4DC1-9DBE-00CC325D39EF}.AppStore|ARM.Build.0 = Release|Any CPU
		{2482D54F-3264-4DC1-9DBE-00CC325D39EF}.AppStore|iPhone.ActiveCfg = Release|Any CPU
		{2482D54F-3264-4DC1-9DBE-00CC325D39EF}.AppStore|iPhone.Build.0 = Release|Any CPU
		{2482D54F-3264-4DC1-9DBE-00CC325D39EF}.AppStore|iPhoneSimulator.ActiveCfg = Release|Any CPU
		{2482D54F-3264-4DC1-9DBE-00CC325D39EF}.AppStore|iPhoneSimulator.Build.0 = Release|Any CPU
		{2482D54F-3264-4DC1-9DBE-00CC325D39EF}.AppStore|x64.ActiveCfg = Release|Any CPU
		{2482D54F-3264-4DC1-9DBE-00CC325D39EF}.AppStore|x64.Build.0 = Release|Any CPU
		{2482D54F-3264-4DC1-9DBE-00CC325D39EF}.AppStore|x86.ActiveCfg = Release|Any CPU
		{2482D54F-3264-4DC1-9DBE-00CC325D39EF}.AppStore|x86.Build.0 = Release|Any CPU
		{2482D54F-3264-4DC1-9DBE-00CC325D39EF}.Debug|Any CPU.ActiveCfg = Debug|Any CPU
		{2482D54F-3264-4DC1-9DBE-00CC325D39EF}.Debug|Any CPU.Build.0 = Debug|Any CPU
		{2482D54F-3264-4DC1-9DBE-00CC325D39EF}.Debug|ARM.ActiveCfg = Debug|Any CPU
		{2482D54F-3264-4DC1-9DBE-00CC325D39EF}.Debug|ARM.Build.0 = Debug|Any CPU
		{2482D54F-3264-4DC1-9DBE-00CC325D39EF}.Debug|iPhone.ActiveCfg = Debug|Any CPU
		{2482D54F-3264-4DC1-9DBE-00CC325D39EF}.Debug|iPhone.Build.0 = Debug|Any CPU
		{2482D54F-3264-4DC1-9DBE-00CC325D39EF}.Debug|iPhoneSimulator.ActiveCfg = Debug|Any CPU
		{2482D54F-3264-4DC1-9DBE-00CC325D39EF}.Debug|iPhoneSimulator.Build.0 = Debug|Any CPU
		{2482D54F-3264-4DC1-9DBE-00CC325D39EF}.Debug|x64.ActiveCfg = Debug|Any CPU
		{2482D54F-3264-4DC1-9DBE-00CC325D39EF}.Debug|x64.Build.0 = Debug|Any CPU
		{2482D54F-3264-4DC1-9DBE-00CC325D39EF}.Debug|x86.ActiveCfg = Debug|Any CPU
		{2482D54F-3264-4DC1-9DBE-00CC325D39EF}.Debug|x86.Build.0 = Debug|Any CPU
		{2482D54F-3264-4DC1-9DBE-00CC325D39EF}.Release|Any CPU.ActiveCfg = Release|Any CPU
		{2482D54F-3264-4DC1-9DBE-00CC325D39EF}.Release|Any CPU.Build.0 = Release|Any CPU
		{2482D54F-3264-4DC1-9DBE-00CC325D39EF}.Release|ARM.ActiveCfg = Release|Any CPU
		{2482D54F-3264-4DC1-9DBE-00CC325D39EF}.Release|ARM.Build.0 = Release|Any CPU
		{2482D54F-3264-4DC1-9DBE-00CC325D39EF}.Release|iPhone.ActiveCfg = Release|Any CPU
		{2482D54F-3264-4DC1-9DBE-00CC325D39EF}.Release|iPhone.Build.0 = Release|Any CPU
		{2482D54F-3264-4DC1-9DBE-00CC325D39EF}.Release|iPhoneSimulator.ActiveCfg = Release|Any CPU
		{2482D54F-3264-4DC1-9DBE-00CC325D39EF}.Release|iPhoneSimulator.Build.0 = Release|Any CPU
		{2482D54F-3264-4DC1-9DBE-00CC325D39EF}.Release|x64.ActiveCfg = Release|Any CPU
		{2482D54F-3264-4DC1-9DBE-00CC325D39EF}.Release|x64.Build.0 = Release|Any CPU
		{2482D54F-3264-4DC1-9DBE-00CC325D39EF}.Release|x86.ActiveCfg = Release|Any CPU
		{2482D54F-3264-4DC1-9DBE-00CC325D39EF}.Release|x86.Build.0 = Release|Any CPU
		{554E027F-D0B0-4F93-AFCB-0C6A873A069E}.Ad-Hoc|Any CPU.ActiveCfg = Release|Any CPU
		{554E027F-D0B0-4F93-AFCB-0C6A873A069E}.Ad-Hoc|Any CPU.Build.0 = Release|Any CPU
		{554E027F-D0B0-4F93-AFCB-0C6A873A069E}.Ad-Hoc|ARM.ActiveCfg = Release|Any CPU
		{554E027F-D0B0-4F93-AFCB-0C6A873A069E}.Ad-Hoc|ARM.Build.0 = Release|Any CPU
		{554E027F-D0B0-4F93-AFCB-0C6A873A069E}.Ad-Hoc|iPhone.ActiveCfg = Release|Any CPU
		{554E027F-D0B0-4F93-AFCB-0C6A873A069E}.Ad-Hoc|iPhone.Build.0 = Release|Any CPU
		{554E027F-D0B0-4F93-AFCB-0C6A873A069E}.Ad-Hoc|iPhoneSimulator.ActiveCfg = Release|Any CPU
		{554E027F-D0B0-4F93-AFCB-0C6A873A069E}.Ad-Hoc|iPhoneSimulator.Build.0 = Release|Any CPU
		{554E027F-D0B0-4F93-AFCB-0C6A873A069E}.Ad-Hoc|x64.ActiveCfg = Release|Any CPU
		{554E027F-D0B0-4F93-AFCB-0C6A873A069E}.Ad-Hoc|x64.Build.0 = Release|Any CPU
		{554E027F-D0B0-4F93-AFCB-0C6A873A069E}.Ad-Hoc|x86.ActiveCfg = Release|Any CPU
		{554E027F-D0B0-4F93-AFCB-0C6A873A069E}.Ad-Hoc|x86.Build.0 = Release|Any CPU
		{554E027F-D0B0-4F93-AFCB-0C6A873A069E}.AppStore|Any CPU.ActiveCfg = Release|Any CPU
		{554E027F-D0B0-4F93-AFCB-0C6A873A069E}.AppStore|Any CPU.Build.0 = Release|Any CPU
		{554E027F-D0B0-4F93-AFCB-0C6A873A069E}.AppStore|ARM.ActiveCfg = Release|Any CPU
		{554E027F-D0B0-4F93-AFCB-0C6A873A069E}.AppStore|ARM.Build.0 = Release|Any CPU
		{554E027F-D0B0-4F93-AFCB-0C6A873A069E}.AppStore|iPhone.ActiveCfg = Release|Any CPU
		{554E027F-D0B0-4F93-AFCB-0C6A873A069E}.AppStore|iPhone.Build.0 = Release|Any CPU
		{554E027F-D0B0-4F93-AFCB-0C6A873A069E}.AppStore|iPhoneSimulator.ActiveCfg = Release|Any CPU
		{554E027F-D0B0-4F93-AFCB-0C6A873A069E}.AppStore|iPhoneSimulator.Build.0 = Release|Any CPU
		{554E027F-D0B0-4F93-AFCB-0C6A873A069E}.AppStore|x64.ActiveCfg = Release|Any CPU
		{554E027F-D0B0-4F93-AFCB-0C6A873A069E}.AppStore|x64.Build.0 = Release|Any CPU
		{554E027F-D0B0-4F93-AFCB-0C6A873A069E}.AppStore|x86.ActiveCfg = Release|Any CPU
		{554E027F-D0B0-4F93-AFCB-0C6A873A069E}.AppStore|x86.Build.0 = Release|Any CPU
		{554E027F-D0B0-4F93-AFCB-0C6A873A069E}.Debug|Any CPU.ActiveCfg = Debug|Any CPU
		{554E027F-D0B0-4F93-AFCB-0C6A873A069E}.Debug|Any CPU.Build.0 = Debug|Any CPU
		{554E027F-D0B0-4F93-AFCB-0C6A873A069E}.Debug|ARM.ActiveCfg = Debug|Any CPU
		{554E027F-D0B0-4F93-AFCB-0C6A873A069E}.Debug|ARM.Build.0 = Debug|Any CPU
		{554E027F-D0B0-4F93-AFCB-0C6A873A069E}.Debug|iPhone.ActiveCfg = Debug|Any CPU
		{554E027F-D0B0-4F93-AFCB-0C6A873A069E}.Debug|iPhone.Build.0 = Debug|Any CPU
		{554E027F-D0B0-4F93-AFCB-0C6A873A069E}.Debug|iPhoneSimulator.ActiveCfg = Debug|Any CPU
		{554E027F-D0B0-4F93-AFCB-0C6A873A069E}.Debug|iPhoneSimulator.Build.0 = Debug|Any CPU
		{554E027F-D0B0-4F93-AFCB-0C6A873A069E}.Debug|x64.ActiveCfg = Debug|Any CPU
		{554E027F-D0B0-4F93-AFCB-0C6A873A069E}.Debug|x64.Build.0 = Debug|Any CPU
		{554E027F-D0B0-4F93-AFCB-0C6A873A069E}.Debug|x86.ActiveCfg = Debug|Any CPU
		{554E027F-D0B0-4F93-AFCB-0C6A873A069E}.Debug|x86.Build.0 = Debug|Any CPU
		{554E027F-D0B0-4F93-AFCB-0C6A873A069E}.Release|Any CPU.ActiveCfg = Release|Any CPU
		{554E027F-D0B0-4F93-AFCB-0C6A873A069E}.Release|Any CPU.Build.0 = Release|Any CPU
		{554E027F-D0B0-4F93-AFCB-0C6A873A069E}.Release|ARM.ActiveCfg = Release|Any CPU
		{554E027F-D0B0-4F93-AFCB-0C6A873A069E}.Release|ARM.Build.0 = Release|Any CPU
		{554E027F-D0B0-4F93-AFCB-0C6A873A069E}.Release|iPhone.ActiveCfg = Release|Any CPU
		{554E027F-D0B0-4F93-AFCB-0C6A873A069E}.Release|iPhone.Build.0 = Release|Any CPU
		{554E027F-D0B0-4F93-AFCB-0C6A873A069E}.Release|iPhoneSimulator.ActiveCfg = Release|Any CPU
		{554E027F-D0B0-4F93-AFCB-0C6A873A069E}.Release|iPhoneSimulator.Build.0 = Release|Any CPU
		{554E027F-D0B0-4F93-AFCB-0C6A873A069E}.Release|x64.ActiveCfg = Release|Any CPU
		{554E027F-D0B0-4F93-AFCB-0C6A873A069E}.Release|x64.Build.0 = Release|Any CPU
		{554E027F-D0B0-4F93-AFCB-0C6A873A069E}.Release|x86.ActiveCfg = Release|Any CPU
		{554E027F-D0B0-4F93-AFCB-0C6A873A069E}.Release|x86.Build.0 = Release|Any CPU
		{8053D133-AEAD-46D3-AECF-81ED5332FD27}.Ad-Hoc|Any CPU.ActiveCfg = Release|Any CPU
		{8053D133-AEAD-46D3-AECF-81ED5332FD27}.Ad-Hoc|Any CPU.Build.0 = Release|Any CPU
		{8053D133-AEAD-46D3-AECF-81ED5332FD27}.Ad-Hoc|ARM.ActiveCfg = Release|Any CPU
		{8053D133-AEAD-46D3-AECF-81ED5332FD27}.Ad-Hoc|ARM.Build.0 = Release|Any CPU
		{8053D133-AEAD-46D3-AECF-81ED5332FD27}.Ad-Hoc|iPhone.ActiveCfg = Release|Any CPU
		{8053D133-AEAD-46D3-AECF-81ED5332FD27}.Ad-Hoc|iPhone.Build.0 = Release|Any CPU
		{8053D133-AEAD-46D3-AECF-81ED5332FD27}.Ad-Hoc|iPhoneSimulator.ActiveCfg = Release|Any CPU
		{8053D133-AEAD-46D3-AECF-81ED5332FD27}.Ad-Hoc|iPhoneSimulator.Build.0 = Release|Any CPU
		{8053D133-AEAD-46D3-AECF-81ED5332FD27}.Ad-Hoc|x64.ActiveCfg = Release|Any CPU
		{8053D133-AEAD-46D3-AECF-81ED5332FD27}.Ad-Hoc|x64.Build.0 = Release|Any CPU
		{8053D133-AEAD-46D3-AECF-81ED5332FD27}.Ad-Hoc|x86.ActiveCfg = Release|Any CPU
		{8053D133-AEAD-46D3-AECF-81ED5332FD27}.Ad-Hoc|x86.Build.0 = Release|Any CPU
		{8053D133-AEAD-46D3-AECF-81ED5332FD27}.AppStore|Any CPU.ActiveCfg = Release|Any CPU
		{8053D133-AEAD-46D3-AECF-81ED5332FD27}.AppStore|Any CPU.Build.0 = Release|Any CPU
		{8053D133-AEAD-46D3-AECF-81ED5332FD27}.AppStore|ARM.ActiveCfg = Release|Any CPU
		{8053D133-AEAD-46D3-AECF-81ED5332FD27}.AppStore|ARM.Build.0 = Release|Any CPU
		{8053D133-AEAD-46D3-AECF-81ED5332FD27}.AppStore|iPhone.ActiveCfg = Release|Any CPU
		{8053D133-AEAD-46D3-AECF-81ED5332FD27}.AppStore|iPhone.Build.0 = Release|Any CPU
		{8053D133-AEAD-46D3-AECF-81ED5332FD27}.AppStore|iPhoneSimulator.ActiveCfg = Release|Any CPU
		{8053D133-AEAD-46D3-AECF-81ED5332FD27}.AppStore|iPhoneSimulator.Build.0 = Release|Any CPU
		{8053D133-AEAD-46D3-AECF-81ED5332FD27}.AppStore|x64.ActiveCfg = Release|Any CPU
		{8053D133-AEAD-46D3-AECF-81ED5332FD27}.AppStore|x64.Build.0 = Release|Any CPU
		{8053D133-AEAD-46D3-AECF-81ED5332FD27}.AppStore|x86.ActiveCfg = Release|Any CPU
		{8053D133-AEAD-46D3-AECF-81ED5332FD27}.AppStore|x86.Build.0 = Release|Any CPU
		{8053D133-AEAD-46D3-AECF-81ED5332FD27}.Debug|Any CPU.ActiveCfg = Debug|Any CPU
		{8053D133-AEAD-46D3-AECF-81ED5332FD27}.Debug|Any CPU.Build.0 = Debug|Any CPU
		{8053D133-AEAD-46D3-AECF-81ED5332FD27}.Debug|ARM.ActiveCfg = Debug|Any CPU
		{8053D133-AEAD-46D3-AECF-81ED5332FD27}.Debug|ARM.Build.0 = Debug|Any CPU
		{8053D133-AEAD-46D3-AECF-81ED5332FD27}.Debug|iPhone.ActiveCfg = Debug|Any CPU
		{8053D133-AEAD-46D3-AECF-81ED5332FD27}.Debug|iPhone.Build.0 = Debug|Any CPU
		{8053D133-AEAD-46D3-AECF-81ED5332FD27}.Debug|iPhoneSimulator.ActiveCfg = Debug|Any CPU
		{8053D133-AEAD-46D3-AECF-81ED5332FD27}.Debug|iPhoneSimulator.Build.0 = Debug|Any CPU
		{8053D133-AEAD-46D3-AECF-81ED5332FD27}.Debug|x64.ActiveCfg = Debug|Any CPU
		{8053D133-AEAD-46D3-AECF-81ED5332FD27}.Debug|x64.Build.0 = Debug|Any CPU
		{8053D133-AEAD-46D3-AECF-81ED5332FD27}.Debug|x86.ActiveCfg = Debug|Any CPU
		{8053D133-AEAD-46D3-AECF-81ED5332FD27}.Debug|x86.Build.0 = Debug|Any CPU
		{8053D133-AEAD-46D3-AECF-81ED5332FD27}.Release|Any CPU.ActiveCfg = Release|Any CPU
		{8053D133-AEAD-46D3-AECF-81ED5332FD27}.Release|Any CPU.Build.0 = Release|Any CPU
		{8053D133-AEAD-46D3-AECF-81ED5332FD27}.Release|ARM.ActiveCfg = Release|Any CPU
		{8053D133-AEAD-46D3-AECF-81ED5332FD27}.Release|ARM.Build.0 = Release|Any CPU
		{8053D133-AEAD-46D3-AECF-81ED5332FD27}.Release|iPhone.ActiveCfg = Release|Any CPU
		{8053D133-AEAD-46D3-AECF-81ED5332FD27}.Release|iPhone.Build.0 = Release|Any CPU
		{8053D133-AEAD-46D3-AECF-81ED5332FD27}.Release|iPhoneSimulator.ActiveCfg = Release|Any CPU
		{8053D133-AEAD-46D3-AECF-81ED5332FD27}.Release|iPhoneSimulator.Build.0 = Release|Any CPU
		{8053D133-AEAD-46D3-AECF-81ED5332FD27}.Release|x64.ActiveCfg = Release|Any CPU
		{8053D133-AEAD-46D3-AECF-81ED5332FD27}.Release|x64.Build.0 = Release|Any CPU
		{8053D133-AEAD-46D3-AECF-81ED5332FD27}.Release|x86.ActiveCfg = Release|Any CPU
		{8053D133-AEAD-46D3-AECF-81ED5332FD27}.Release|x86.Build.0 = Release|Any CPU
		{52DC31E8-344B-4688-9366-4610D93131AF}.Ad-Hoc|Any CPU.ActiveCfg = Release|Any CPU
		{52DC31E8-344B-4688-9366-4610D93131AF}.Ad-Hoc|Any CPU.Build.0 = Release|Any CPU
		{52DC31E8-344B-4688-9366-4610D93131AF}.Ad-Hoc|Any CPU.Deploy.0 = Release|Any CPU
		{52DC31E8-344B-4688-9366-4610D93131AF}.Ad-Hoc|ARM.ActiveCfg = Release|Any CPU
		{52DC31E8-344B-4688-9366-4610D93131AF}.Ad-Hoc|ARM.Build.0 = Release|Any CPU
		{52DC31E8-344B-4688-9366-4610D93131AF}.Ad-Hoc|ARM.Deploy.0 = Release|Any CPU
		{52DC31E8-344B-4688-9366-4610D93131AF}.Ad-Hoc|iPhone.ActiveCfg = Release|Any CPU
		{52DC31E8-344B-4688-9366-4610D93131AF}.Ad-Hoc|iPhone.Build.0 = Release|Any CPU
		{52DC31E8-344B-4688-9366-4610D93131AF}.Ad-Hoc|iPhone.Deploy.0 = Release|Any CPU
		{52DC31E8-344B-4688-9366-4610D93131AF}.Ad-Hoc|iPhoneSimulator.ActiveCfg = Release|Any CPU
		{52DC31E8-344B-4688-9366-4610D93131AF}.Ad-Hoc|iPhoneSimulator.Build.0 = Release|Any CPU
		{52DC31E8-344B-4688-9366-4610D93131AF}.Ad-Hoc|iPhoneSimulator.Deploy.0 = Release|Any CPU
		{52DC31E8-344B-4688-9366-4610D93131AF}.Ad-Hoc|x64.ActiveCfg = Release|Any CPU
		{52DC31E8-344B-4688-9366-4610D93131AF}.Ad-Hoc|x64.Build.0 = Release|Any CPU
		{52DC31E8-344B-4688-9366-4610D93131AF}.Ad-Hoc|x64.Deploy.0 = Release|Any CPU
		{52DC31E8-344B-4688-9366-4610D93131AF}.Ad-Hoc|x86.ActiveCfg = Release|Any CPU
		{52DC31E8-344B-4688-9366-4610D93131AF}.Ad-Hoc|x86.Build.0 = Release|Any CPU
		{52DC31E8-344B-4688-9366-4610D93131AF}.Ad-Hoc|x86.Deploy.0 = Release|Any CPU
		{52DC31E8-344B-4688-9366-4610D93131AF}.AppStore|Any CPU.ActiveCfg = Release|Any CPU
		{52DC31E8-344B-4688-9366-4610D93131AF}.AppStore|Any CPU.Build.0 = Release|Any CPU
		{52DC31E8-344B-4688-9366-4610D93131AF}.AppStore|Any CPU.Deploy.0 = Release|Any CPU
		{52DC31E8-344B-4688-9366-4610D93131AF}.AppStore|ARM.ActiveCfg = Release|Any CPU
		{52DC31E8-344B-4688-9366-4610D93131AF}.AppStore|ARM.Build.0 = Release|Any CPU
		{52DC31E8-344B-4688-9366-4610D93131AF}.AppStore|ARM.Deploy.0 = Release|Any CPU
		{52DC31E8-344B-4688-9366-4610D93131AF}.AppStore|iPhone.ActiveCfg = Release|Any CPU
		{52DC31E8-344B-4688-9366-4610D93131AF}.AppStore|iPhone.Build.0 = Release|Any CPU
		{52DC31E8-344B-4688-9366-4610D93131AF}.AppStore|iPhone.Deploy.0 = Release|Any CPU
		{52DC31E8-344B-4688-9366-4610D93131AF}.AppStore|iPhoneSimulator.ActiveCfg = Release|Any CPU
		{52DC31E8-344B-4688-9366-4610D93131AF}.AppStore|iPhoneSimulator.Build.0 = Release|Any CPU
		{52DC31E8-344B-4688-9366-4610D93131AF}.AppStore|iPhoneSimulator.Deploy.0 = Release|Any CPU
		{52DC31E8-344B-4688-9366-4610D93131AF}.AppStore|x64.ActiveCfg = Release|Any CPU
		{52DC31E8-344B-4688-9366-4610D93131AF}.AppStore|x64.Build.0 = Release|Any CPU
		{52DC31E8-344B-4688-9366-4610D93131AF}.AppStore|x64.Deploy.0 = Release|Any CPU
		{52DC31E8-344B-4688-9366-4610D93131AF}.AppStore|x86.ActiveCfg = Release|Any CPU
		{52DC31E8-344B-4688-9366-4610D93131AF}.AppStore|x86.Build.0 = Release|Any CPU
		{52DC31E8-344B-4688-9366-4610D93131AF}.AppStore|x86.Deploy.0 = Release|Any CPU
		{52DC31E8-344B-4688-9366-4610D93131AF}.Debug|Any CPU.ActiveCfg = Debug|Any CPU
		{52DC31E8-344B-4688-9366-4610D93131AF}.Debug|Any CPU.Build.0 = Debug|Any CPU
		{52DC31E8-344B-4688-9366-4610D93131AF}.Debug|Any CPU.Deploy.0 = Debug|Any CPU
		{52DC31E8-344B-4688-9366-4610D93131AF}.Debug|ARM.ActiveCfg = Debug|Any CPU
		{52DC31E8-344B-4688-9366-4610D93131AF}.Debug|ARM.Build.0 = Debug|Any CPU
		{52DC31E8-344B-4688-9366-4610D93131AF}.Debug|ARM.Deploy.0 = Debug|Any CPU
		{52DC31E8-344B-4688-9366-4610D93131AF}.Debug|iPhone.ActiveCfg = Debug|Any CPU
		{52DC31E8-344B-4688-9366-4610D93131AF}.Debug|iPhone.Build.0 = Debug|Any CPU
		{52DC31E8-344B-4688-9366-4610D93131AF}.Debug|iPhone.Deploy.0 = Debug|Any CPU
		{52DC31E8-344B-4688-9366-4610D93131AF}.Debug|iPhoneSimulator.ActiveCfg = Debug|Any CPU
		{52DC31E8-344B-4688-9366-4610D93131AF}.Debug|iPhoneSimulator.Build.0 = Debug|Any CPU
		{52DC31E8-344B-4688-9366-4610D93131AF}.Debug|iPhoneSimulator.Deploy.0 = Debug|Any CPU
		{52DC31E8-344B-4688-9366-4610D93131AF}.Debug|x64.ActiveCfg = Debug|Any CPU
		{52DC31E8-344B-4688-9366-4610D93131AF}.Debug|x64.Build.0 = Debug|Any CPU
		{52DC31E8-344B-4688-9366-4610D93131AF}.Debug|x64.Deploy.0 = Debug|Any CPU
		{52DC31E8-344B-4688-9366-4610D93131AF}.Debug|x86.ActiveCfg = Debug|Any CPU
		{52DC31E8-344B-4688-9366-4610D93131AF}.Debug|x86.Build.0 = Debug|Any CPU
		{52DC31E8-344B-4688-9366-4610D93131AF}.Debug|x86.Deploy.0 = Debug|Any CPU
		{52DC31E8-344B-4688-9366-4610D93131AF}.Release|Any CPU.ActiveCfg = Release|Any CPU
		{52DC31E8-344B-4688-9366-4610D93131AF}.Release|Any CPU.Build.0 = Release|Any CPU
		{52DC31E8-344B-4688-9366-4610D93131AF}.Release|Any CPU.Deploy.0 = Release|Any CPU
		{52DC31E8-344B-4688-9366-4610D93131AF}.Release|ARM.ActiveCfg = Release|Any CPU
		{52DC31E8-344B-4688-9366-4610D93131AF}.Release|ARM.Build.0 = Release|Any CPU
		{52DC31E8-344B-4688-9366-4610D93131AF}.Release|ARM.Deploy.0 = Release|Any CPU
		{52DC31E8-344B-4688-9366-4610D93131AF}.Release|iPhone.ActiveCfg = Release|Any CPU
		{52DC31E8-344B-4688-9366-4610D93131AF}.Release|iPhone.Build.0 = Release|Any CPU
		{52DC31E8-344B-4688-9366-4610D93131AF}.Release|iPhone.Deploy.0 = Release|Any CPU
		{52DC31E8-344B-4688-9366-4610D93131AF}.Release|iPhoneSimulator.ActiveCfg = Release|Any CPU
		{52DC31E8-344B-4688-9366-4610D93131AF}.Release|iPhoneSimulator.Build.0 = Release|Any CPU
		{52DC31E8-344B-4688-9366-4610D93131AF}.Release|iPhoneSimulator.Deploy.0 = Release|Any CPU
		{52DC31E8-344B-4688-9366-4610D93131AF}.Release|x64.ActiveCfg = Release|Any CPU
		{52DC31E8-344B-4688-9366-4610D93131AF}.Release|x64.Build.0 = Release|Any CPU
		{52DC31E8-344B-4688-9366-4610D93131AF}.Release|x64.Deploy.0 = Release|Any CPU
		{52DC31E8-344B-4688-9366-4610D93131AF}.Release|x86.ActiveCfg = Release|Any CPU
		{52DC31E8-344B-4688-9366-4610D93131AF}.Release|x86.Build.0 = Release|Any CPU
		{52DC31E8-344B-4688-9366-4610D93131AF}.Release|x86.Deploy.0 = Release|Any CPU
		{9F9E83AE-25CA-473E-A8D3-EA123813BC54}.Ad-Hoc|Any CPU.ActiveCfg = Ad-Hoc|iPhone
		{9F9E83AE-25CA-473E-A8D3-EA123813BC54}.Ad-Hoc|ARM.ActiveCfg = Ad-Hoc|iPhone
		{9F9E83AE-25CA-473E-A8D3-EA123813BC54}.Ad-Hoc|iPhone.ActiveCfg = Ad-Hoc|iPhone
		{9F9E83AE-25CA-473E-A8D3-EA123813BC54}.Ad-Hoc|iPhone.Build.0 = Ad-Hoc|iPhone
		{9F9E83AE-25CA-473E-A8D3-EA123813BC54}.Ad-Hoc|iPhoneSimulator.ActiveCfg = Ad-Hoc|iPhoneSimulator
		{9F9E83AE-25CA-473E-A8D3-EA123813BC54}.Ad-Hoc|iPhoneSimulator.Build.0 = Ad-Hoc|iPhoneSimulator
		{9F9E83AE-25CA-473E-A8D3-EA123813BC54}.Ad-Hoc|x64.ActiveCfg = Ad-Hoc|iPhone
		{9F9E83AE-25CA-473E-A8D3-EA123813BC54}.Ad-Hoc|x86.ActiveCfg = Ad-Hoc|iPhone
		{9F9E83AE-25CA-473E-A8D3-EA123813BC54}.AppStore|Any CPU.ActiveCfg = AppStore|iPhone
		{9F9E83AE-25CA-473E-A8D3-EA123813BC54}.AppStore|ARM.ActiveCfg = AppStore|iPhone
		{9F9E83AE-25CA-473E-A8D3-EA123813BC54}.AppStore|iPhone.ActiveCfg = AppStore|iPhone
		{9F9E83AE-25CA-473E-A8D3-EA123813BC54}.AppStore|iPhone.Build.0 = AppStore|iPhone
		{9F9E83AE-25CA-473E-A8D3-EA123813BC54}.AppStore|iPhoneSimulator.ActiveCfg = AppStore|iPhoneSimulator
		{9F9E83AE-25CA-473E-A8D3-EA123813BC54}.AppStore|iPhoneSimulator.Build.0 = AppStore|iPhoneSimulator
		{9F9E83AE-25CA-473E-A8D3-EA123813BC54}.AppStore|x64.ActiveCfg = AppStore|iPhone
		{9F9E83AE-25CA-473E-A8D3-EA123813BC54}.AppStore|x86.ActiveCfg = AppStore|iPhone
		{9F9E83AE-25CA-473E-A8D3-EA123813BC54}.Debug|Any CPU.ActiveCfg = Debug|iPhone
		{9F9E83AE-25CA-473E-A8D3-EA123813BC54}.Debug|ARM.ActiveCfg = Debug|iPhone
		{9F9E83AE-25CA-473E-A8D3-EA123813BC54}.Debug|iPhone.ActiveCfg = Debug|iPhone
		{9F9E83AE-25CA-473E-A8D3-EA123813BC54}.Debug|iPhone.Build.0 = Debug|iPhone
		{9F9E83AE-25CA-473E-A8D3-EA123813BC54}.Debug|iPhoneSimulator.ActiveCfg = Debug|iPhoneSimulator
		{9F9E83AE-25CA-473E-A8D3-EA123813BC54}.Debug|iPhoneSimulator.Build.0 = Debug|iPhoneSimulator
		{9F9E83AE-25CA-473E-A8D3-EA123813BC54}.Debug|x64.ActiveCfg = Debug|iPhone
		{9F9E83AE-25CA-473E-A8D3-EA123813BC54}.Debug|x86.ActiveCfg = Debug|iPhone
		{9F9E83AE-25CA-473E-A8D3-EA123813BC54}.Release|Any CPU.ActiveCfg = Release|iPhone
		{9F9E83AE-25CA-473E-A8D3-EA123813BC54}.Release|ARM.ActiveCfg = Release|iPhone
		{9F9E83AE-25CA-473E-A8D3-EA123813BC54}.Release|iPhone.ActiveCfg = Release|iPhone
		{9F9E83AE-25CA-473E-A8D3-EA123813BC54}.Release|iPhone.Build.0 = Release|iPhone
		{9F9E83AE-25CA-473E-A8D3-EA123813BC54}.Release|iPhoneSimulator.ActiveCfg = Release|iPhoneSimulator
		{9F9E83AE-25CA-473E-A8D3-EA123813BC54}.Release|iPhoneSimulator.Build.0 = Release|iPhoneSimulator
		{9F9E83AE-25CA-473E-A8D3-EA123813BC54}.Release|x64.ActiveCfg = Release|iPhone
		{9F9E83AE-25CA-473E-A8D3-EA123813BC54}.Release|x86.ActiveCfg = Release|iPhone
		{EFBAEC47-CD03-4FE8-8DB1-B20C6FE0697E}.Ad-Hoc|Any CPU.ActiveCfg = Release|x64
		{EFBAEC47-CD03-4FE8-8DB1-B20C6FE0697E}.Ad-Hoc|Any CPU.Build.0 = Release|x64
		{EFBAEC47-CD03-4FE8-8DB1-B20C6FE0697E}.Ad-Hoc|Any CPU.Deploy.0 = Release|x64
		{EFBAEC47-CD03-4FE8-8DB1-B20C6FE0697E}.Ad-Hoc|ARM.ActiveCfg = Release|ARM
		{EFBAEC47-CD03-4FE8-8DB1-B20C6FE0697E}.Ad-Hoc|ARM.Build.0 = Release|ARM
		{EFBAEC47-CD03-4FE8-8DB1-B20C6FE0697E}.Ad-Hoc|ARM.Deploy.0 = Release|ARM
		{EFBAEC47-CD03-4FE8-8DB1-B20C6FE0697E}.Ad-Hoc|iPhone.ActiveCfg = Release|x64
		{EFBAEC47-CD03-4FE8-8DB1-B20C6FE0697E}.Ad-Hoc|iPhone.Build.0 = Release|x64
		{EFBAEC47-CD03-4FE8-8DB1-B20C6FE0697E}.Ad-Hoc|iPhone.Deploy.0 = Release|x64
		{EFBAEC47-CD03-4FE8-8DB1-B20C6FE0697E}.Ad-Hoc|iPhoneSimulator.ActiveCfg = Release|x64
		{EFBAEC47-CD03-4FE8-8DB1-B20C6FE0697E}.Ad-Hoc|iPhoneSimulator.Build.0 = Release|x64
		{EFBAEC47-CD03-4FE8-8DB1-B20C6FE0697E}.Ad-Hoc|iPhoneSimulator.Deploy.0 = Release|x64
		{EFBAEC47-CD03-4FE8-8DB1-B20C6FE0697E}.Ad-Hoc|x64.ActiveCfg = Release|x64
		{EFBAEC47-CD03-4FE8-8DB1-B20C6FE0697E}.Ad-Hoc|x64.Build.0 = Release|x64
		{EFBAEC47-CD03-4FE8-8DB1-B20C6FE0697E}.Ad-Hoc|x64.Deploy.0 = Release|x64
		{EFBAEC47-CD03-4FE8-8DB1-B20C6FE0697E}.Ad-Hoc|x86.ActiveCfg = Release|x86
		{EFBAEC47-CD03-4FE8-8DB1-B20C6FE0697E}.Ad-Hoc|x86.Build.0 = Release|x86
		{EFBAEC47-CD03-4FE8-8DB1-B20C6FE0697E}.Ad-Hoc|x86.Deploy.0 = Release|x86
		{EFBAEC47-CD03-4FE8-8DB1-B20C6FE0697E}.AppStore|Any CPU.ActiveCfg = Release|x64
		{EFBAEC47-CD03-4FE8-8DB1-B20C6FE0697E}.AppStore|Any CPU.Build.0 = Release|x64
		{EFBAEC47-CD03-4FE8-8DB1-B20C6FE0697E}.AppStore|Any CPU.Deploy.0 = Release|x64
		{EFBAEC47-CD03-4FE8-8DB1-B20C6FE0697E}.AppStore|ARM.ActiveCfg = Release|ARM
		{EFBAEC47-CD03-4FE8-8DB1-B20C6FE0697E}.AppStore|ARM.Build.0 = Release|ARM
		{EFBAEC47-CD03-4FE8-8DB1-B20C6FE0697E}.AppStore|ARM.Deploy.0 = Release|ARM
		{EFBAEC47-CD03-4FE8-8DB1-B20C6FE0697E}.AppStore|iPhone.ActiveCfg = Release|x64
		{EFBAEC47-CD03-4FE8-8DB1-B20C6FE0697E}.AppStore|iPhone.Build.0 = Release|x64
		{EFBAEC47-CD03-4FE8-8DB1-B20C6FE0697E}.AppStore|iPhone.Deploy.0 = Release|x64
		{EFBAEC47-CD03-4FE8-8DB1-B20C6FE0697E}.AppStore|iPhoneSimulator.ActiveCfg = Release|x64
		{EFBAEC47-CD03-4FE8-8DB1-B20C6FE0697E}.AppStore|iPhoneSimulator.Build.0 = Release|x64
		{EFBAEC47-CD03-4FE8-8DB1-B20C6FE0697E}.AppStore|iPhoneSimulator.Deploy.0 = Release|x64
		{EFBAEC47-CD03-4FE8-8DB1-B20C6FE0697E}.AppStore|x64.ActiveCfg = Release|x64
		{EFBAEC47-CD03-4FE8-8DB1-B20C6FE0697E}.AppStore|x64.Build.0 = Release|x64
		{EFBAEC47-CD03-4FE8-8DB1-B20C6FE0697E}.AppStore|x64.Deploy.0 = Release|x64
		{EFBAEC47-CD03-4FE8-8DB1-B20C6FE0697E}.AppStore|x86.ActiveCfg = Release|x86
		{EFBAEC47-CD03-4FE8-8DB1-B20C6FE0697E}.AppStore|x86.Build.0 = Release|x86
		{EFBAEC47-CD03-4FE8-8DB1-B20C6FE0697E}.AppStore|x86.Deploy.0 = Release|x86
		{EFBAEC47-CD03-4FE8-8DB1-B20C6FE0697E}.Debug|Any CPU.ActiveCfg = Debug|x86
		{EFBAEC47-CD03-4FE8-8DB1-B20C6FE0697E}.Debug|ARM.ActiveCfg = Debug|ARM
		{EFBAEC47-CD03-4FE8-8DB1-B20C6FE0697E}.Debug|ARM.Build.0 = Debug|ARM
		{EFBAEC47-CD03-4FE8-8DB1-B20C6FE0697E}.Debug|ARM.Deploy.0 = Debug|ARM
		{EFBAEC47-CD03-4FE8-8DB1-B20C6FE0697E}.Debug|iPhone.ActiveCfg = Debug|x86
		{EFBAEC47-CD03-4FE8-8DB1-B20C6FE0697E}.Debug|iPhoneSimulator.ActiveCfg = Debug|x86
		{EFBAEC47-CD03-4FE8-8DB1-B20C6FE0697E}.Debug|x64.ActiveCfg = Debug|x64
		{EFBAEC47-CD03-4FE8-8DB1-B20C6FE0697E}.Debug|x64.Build.0 = Debug|x64
		{EFBAEC47-CD03-4FE8-8DB1-B20C6FE0697E}.Debug|x64.Deploy.0 = Debug|x64
		{EFBAEC47-CD03-4FE8-8DB1-B20C6FE0697E}.Debug|x86.ActiveCfg = Debug|x86
		{EFBAEC47-CD03-4FE8-8DB1-B20C6FE0697E}.Debug|x86.Build.0 = Debug|x86
		{EFBAEC47-CD03-4FE8-8DB1-B20C6FE0697E}.Debug|x86.Deploy.0 = Debug|x86
		{EFBAEC47-CD03-4FE8-8DB1-B20C6FE0697E}.Release|Any CPU.ActiveCfg = Release|x86
		{EFBAEC47-CD03-4FE8-8DB1-B20C6FE0697E}.Release|ARM.ActiveCfg = Release|ARM
		{EFBAEC47-CD03-4FE8-8DB1-B20C6FE0697E}.Release|ARM.Build.0 = Release|ARM
		{EFBAEC47-CD03-4FE8-8DB1-B20C6FE0697E}.Release|ARM.Deploy.0 = Release|ARM
		{EFBAEC47-CD03-4FE8-8DB1-B20C6FE0697E}.Release|iPhone.ActiveCfg = Release|x86
		{EFBAEC47-CD03-4FE8-8DB1-B20C6FE0697E}.Release|iPhoneSimulator.ActiveCfg = Release|x86
		{EFBAEC47-CD03-4FE8-8DB1-B20C6FE0697E}.Release|x64.ActiveCfg = Release|x64
		{EFBAEC47-CD03-4FE8-8DB1-B20C6FE0697E}.Release|x64.Build.0 = Release|x64
		{EFBAEC47-CD03-4FE8-8DB1-B20C6FE0697E}.Release|x64.Deploy.0 = Release|x64
		{EFBAEC47-CD03-4FE8-8DB1-B20C6FE0697E}.Release|x86.ActiveCfg = Release|x86
		{EFBAEC47-CD03-4FE8-8DB1-B20C6FE0697E}.Release|x86.Build.0 = Release|x86
		{EFBAEC47-CD03-4FE8-8DB1-B20C6FE0697E}.Release|x86.Deploy.0 = Release|x86
		{13E851C0-1301-44F4-880F-C96B95B8E132}.Ad-Hoc|Any CPU.ActiveCfg = Debug|Any CPU
		{13E851C0-1301-44F4-880F-C96B95B8E132}.Ad-Hoc|Any CPU.Build.0 = Debug|Any CPU
		{13E851C0-1301-44F4-880F-C96B95B8E132}.Ad-Hoc|ARM.ActiveCfg = Debug|Any CPU
		{13E851C0-1301-44F4-880F-C96B95B8E132}.Ad-Hoc|ARM.Build.0 = Debug|Any CPU
		{13E851C0-1301-44F4-880F-C96B95B8E132}.Ad-Hoc|iPhone.ActiveCfg = Debug|Any CPU
		{13E851C0-1301-44F4-880F-C96B95B8E132}.Ad-Hoc|iPhone.Build.0 = Debug|Any CPU
		{13E851C0-1301-44F4-880F-C96B95B8E132}.Ad-Hoc|iPhoneSimulator.ActiveCfg = Debug|Any CPU
		{13E851C0-1301-44F4-880F-C96B95B8E132}.Ad-Hoc|iPhoneSimulator.Build.0 = Debug|Any CPU
		{13E851C0-1301-44F4-880F-C96B95B8E132}.Ad-Hoc|x64.ActiveCfg = Debug|Any CPU
		{13E851C0-1301-44F4-880F-C96B95B8E132}.Ad-Hoc|x64.Build.0 = Debug|Any CPU
		{13E851C0-1301-44F4-880F-C96B95B8E132}.Ad-Hoc|x86.ActiveCfg = Debug|Any CPU
		{13E851C0-1301-44F4-880F-C96B95B8E132}.Ad-Hoc|x86.Build.0 = Debug|Any CPU
		{13E851C0-1301-44F4-880F-C96B95B8E132}.AppStore|Any CPU.ActiveCfg = Debug|Any CPU
		{13E851C0-1301-44F4-880F-C96B95B8E132}.AppStore|Any CPU.Build.0 = Debug|Any CPU
		{13E851C0-1301-44F4-880F-C96B95B8E132}.AppStore|ARM.ActiveCfg = Debug|Any CPU
		{13E851C0-1301-44F4-880F-C96B95B8E132}.AppStore|ARM.Build.0 = Debug|Any CPU
		{13E851C0-1301-44F4-880F-C96B95B8E132}.AppStore|iPhone.ActiveCfg = Debug|Any CPU
		{13E851C0-1301-44F4-880F-C96B95B8E132}.AppStore|iPhone.Build.0 = Debug|Any CPU
		{13E851C0-1301-44F4-880F-C96B95B8E132}.AppStore|iPhoneSimulator.ActiveCfg = Debug|Any CPU
		{13E851C0-1301-44F4-880F-C96B95B8E132}.AppStore|iPhoneSimulator.Build.0 = Debug|Any CPU
		{13E851C0-1301-44F4-880F-C96B95B8E132}.AppStore|x64.ActiveCfg = Debug|Any CPU
		{13E851C0-1301-44F4-880F-C96B95B8E132}.AppStore|x64.Build.0 = Debug|Any CPU
		{13E851C0-1301-44F4-880F-C96B95B8E132}.AppStore|x86.ActiveCfg = Debug|Any CPU
		{13E851C0-1301-44F4-880F-C96B95B8E132}.AppStore|x86.Build.0 = Debug|Any CPU
		{13E851C0-1301-44F4-880F-C96B95B8E132}.Debug|Any CPU.ActiveCfg = Debug|Any CPU
		{13E851C0-1301-44F4-880F-C96B95B8E132}.Debug|Any CPU.Build.0 = Debug|Any CPU
		{13E851C0-1301-44F4-880F-C96B95B8E132}.Debug|ARM.ActiveCfg = Debug|Any CPU
		{13E851C0-1301-44F4-880F-C96B95B8E132}.Debug|ARM.Build.0 = Debug|Any CPU
		{13E851C0-1301-44F4-880F-C96B95B8E132}.Debug|iPhone.ActiveCfg = Debug|Any CPU
		{13E851C0-1301-44F4-880F-C96B95B8E132}.Debug|iPhone.Build.0 = Debug|Any CPU
		{13E851C0-1301-44F4-880F-C96B95B8E132}.Debug|iPhoneSimulator.ActiveCfg = Debug|Any CPU
		{13E851C0-1301-44F4-880F-C96B95B8E132}.Debug|iPhoneSimulator.Build.0 = Debug|Any CPU
		{13E851C0-1301-44F4-880F-C96B95B8E132}.Debug|x64.ActiveCfg = Debug|Any CPU
		{13E851C0-1301-44F4-880F-C96B95B8E132}.Debug|x64.Build.0 = Debug|Any CPU
		{13E851C0-1301-44F4-880F-C96B95B8E132}.Debug|x86.ActiveCfg = Debug|Any CPU
		{13E851C0-1301-44F4-880F-C96B95B8E132}.Debug|x86.Build.0 = Debug|Any CPU
		{13E851C0-1301-44F4-880F-C96B95B8E132}.Release|Any CPU.ActiveCfg = Release|Any CPU
		{13E851C0-1301-44F4-880F-C96B95B8E132}.Release|Any CPU.Build.0 = Release|Any CPU
		{13E851C0-1301-44F4-880F-C96B95B8E132}.Release|ARM.ActiveCfg = Release|Any CPU
		{13E851C0-1301-44F4-880F-C96B95B8E132}.Release|ARM.Build.0 = Release|Any CPU
		{13E851C0-1301-44F4-880F-C96B95B8E132}.Release|iPhone.ActiveCfg = Release|Any CPU
		{13E851C0-1301-44F4-880F-C96B95B8E132}.Release|iPhone.Build.0 = Release|Any CPU
		{13E851C0-1301-44F4-880F-C96B95B8E132}.Release|iPhoneSimulator.ActiveCfg = Release|Any CPU
		{13E851C0-1301-44F4-880F-C96B95B8E132}.Release|iPhoneSimulator.Build.0 = Release|Any CPU
		{13E851C0-1301-44F4-880F-C96B95B8E132}.Release|x64.ActiveCfg = Release|Any CPU
		{13E851C0-1301-44F4-880F-C96B95B8E132}.Release|x64.Build.0 = Release|Any CPU
		{13E851C0-1301-44F4-880F-C96B95B8E132}.Release|x86.ActiveCfg = Release|Any CPU
		{13E851C0-1301-44F4-880F-C96B95B8E132}.Release|x86.Build.0 = Release|Any CPU
		{39C9CCBB-7779-4369-BC21-2DBA35B95E6A}.Ad-Hoc|Any CPU.ActiveCfg = Debug|Any CPU
		{39C9CCBB-7779-4369-BC21-2DBA35B95E6A}.Ad-Hoc|Any CPU.Build.0 = Debug|Any CPU
		{39C9CCBB-7779-4369-BC21-2DBA35B95E6A}.Ad-Hoc|ARM.ActiveCfg = Debug|Any CPU
		{39C9CCBB-7779-4369-BC21-2DBA35B95E6A}.Ad-Hoc|ARM.Build.0 = Debug|Any CPU
		{39C9CCBB-7779-4369-BC21-2DBA35B95E6A}.Ad-Hoc|iPhone.ActiveCfg = Debug|Any CPU
		{39C9CCBB-7779-4369-BC21-2DBA35B95E6A}.Ad-Hoc|iPhone.Build.0 = Debug|Any CPU
		{39C9CCBB-7779-4369-BC21-2DBA35B95E6A}.Ad-Hoc|iPhoneSimulator.ActiveCfg = Debug|Any CPU
		{39C9CCBB-7779-4369-BC21-2DBA35B95E6A}.Ad-Hoc|iPhoneSimulator.Build.0 = Debug|Any CPU
		{39C9CCBB-7779-4369-BC21-2DBA35B95E6A}.Ad-Hoc|x64.ActiveCfg = Debug|Any CPU
		{39C9CCBB-7779-4369-BC21-2DBA35B95E6A}.Ad-Hoc|x64.Build.0 = Debug|Any CPU
		{39C9CCBB-7779-4369-BC21-2DBA35B95E6A}.Ad-Hoc|x86.ActiveCfg = Debug|Any CPU
		{39C9CCBB-7779-4369-BC21-2DBA35B95E6A}.Ad-Hoc|x86.Build.0 = Debug|Any CPU
		{39C9CCBB-7779-4369-BC21-2DBA35B95E6A}.AppStore|Any CPU.ActiveCfg = Debug|Any CPU
		{39C9CCBB-7779-4369-BC21-2DBA35B95E6A}.AppStore|Any CPU.Build.0 = Debug|Any CPU
		{39C9CCBB-7779-4369-BC21-2DBA35B95E6A}.AppStore|ARM.ActiveCfg = Debug|Any CPU
		{39C9CCBB-7779-4369-BC21-2DBA35B95E6A}.AppStore|ARM.Build.0 = Debug|Any CPU
		{39C9CCBB-7779-4369-BC21-2DBA35B95E6A}.AppStore|iPhone.ActiveCfg = Debug|Any CPU
		{39C9CCBB-7779-4369-BC21-2DBA35B95E6A}.AppStore|iPhone.Build.0 = Debug|Any CPU
		{39C9CCBB-7779-4369-BC21-2DBA35B95E6A}.AppStore|iPhoneSimulator.ActiveCfg = Debug|Any CPU
		{39C9CCBB-7779-4369-BC21-2DBA35B95E6A}.AppStore|iPhoneSimulator.Build.0 = Debug|Any CPU
		{39C9CCBB-7779-4369-BC21-2DBA35B95E6A}.AppStore|x64.ActiveCfg = Debug|Any CPU
		{39C9CCBB-7779-4369-BC21-2DBA35B95E6A}.AppStore|x64.Build.0 = Debug|Any CPU
		{39C9CCBB-7779-4369-BC21-2DBA35B95E6A}.AppStore|x86.ActiveCfg = Debug|Any CPU
		{39C9CCBB-7779-4369-BC21-2DBA35B95E6A}.AppStore|x86.Build.0 = Debug|Any CPU
		{39C9CCBB-7779-4369-BC21-2DBA35B95E6A}.Debug|Any CPU.ActiveCfg = Debug|Any CPU
		{39C9CCBB-7779-4369-BC21-2DBA35B95E6A}.Debug|Any CPU.Build.0 = Debug|Any CPU
		{39C9CCBB-7779-4369-BC21-2DBA35B95E6A}.Debug|ARM.ActiveCfg = Debug|Any CPU
		{39C9CCBB-7779-4369-BC21-2DBA35B95E6A}.Debug|ARM.Build.0 = Debug|Any CPU
		{39C9CCBB-7779-4369-BC21-2DBA35B95E6A}.Debug|iPhone.ActiveCfg = Debug|Any CPU
		{39C9CCBB-7779-4369-BC21-2DBA35B95E6A}.Debug|iPhone.Build.0 = Debug|Any CPU
		{39C9CCBB-7779-4369-BC21-2DBA35B95E6A}.Debug|iPhoneSimulator.ActiveCfg = Debug|Any CPU
		{39C9CCBB-7779-4369-BC21-2DBA35B95E6A}.Debug|iPhoneSimulator.Build.0 = Debug|Any CPU
		{39C9CCBB-7779-4369-BC21-2DBA35B95E6A}.Debug|x64.ActiveCfg = Debug|Any CPU
		{39C9CCBB-7779-4369-BC21-2DBA35B95E6A}.Debug|x64.Build.0 = Debug|Any CPU
		{39C9CCBB-7779-4369-BC21-2DBA35B95E6A}.Debug|x86.ActiveCfg = Debug|Any CPU
		{39C9CCBB-7779-4369-BC21-2DBA35B95E6A}.Debug|x86.Build.0 = Debug|Any CPU
		{39C9CCBB-7779-4369-BC21-2DBA35B95E6A}.Release|Any CPU.ActiveCfg = Release|Any CPU
		{39C9CCBB-7779-4369-BC21-2DBA35B95E6A}.Release|Any CPU.Build.0 = Release|Any CPU
		{39C9CCBB-7779-4369-BC21-2DBA35B95E6A}.Release|ARM.ActiveCfg = Release|Any CPU
		{39C9CCBB-7779-4369-BC21-2DBA35B95E6A}.Release|ARM.Build.0 = Release|Any CPU
		{39C9CCBB-7779-4369-BC21-2DBA35B95E6A}.Release|iPhone.ActiveCfg = Release|Any CPU
		{39C9CCBB-7779-4369-BC21-2DBA35B95E6A}.Release|iPhone.Build.0 = Release|Any CPU
		{39C9CCBB-7779-4369-BC21-2DBA35B95E6A}.Release|iPhoneSimulator.ActiveCfg = Release|Any CPU
		{39C9CCBB-7779-4369-BC21-2DBA35B95E6A}.Release|iPhoneSimulator.Build.0 = Release|Any CPU
		{39C9CCBB-7779-4369-BC21-2DBA35B95E6A}.Release|x64.ActiveCfg = Release|Any CPU
		{39C9CCBB-7779-4369-BC21-2DBA35B95E6A}.Release|x64.Build.0 = Release|Any CPU
		{39C9CCBB-7779-4369-BC21-2DBA35B95E6A}.Release|x86.ActiveCfg = Release|Any CPU
		{39C9CCBB-7779-4369-BC21-2DBA35B95E6A}.Release|x86.Build.0 = Release|Any CPU
	EndGlobalSection
	GlobalSection(SolutionProperties) = preSolution
		HideSolutionNode = FALSE
	EndGlobalSection
	GlobalSection(ExtensibilityGlobals) = postSolution
		SolutionGuid = {C33A37EB-7F6B-449B-BAED-E42F0F97D65D}
	EndGlobalSection
EndGlobal
