
Microsoft Visual Studio Solution File, Format Version 12.00
# Visual Studio Version 16
VisualStudioVersion = 16.0.28803.452
MinimumVisualStudioVersion = 10.0.40219.1
Project("{9A19103F-16F7-4668-BE54-9A1E7A4F7556}") = "Blastic.Wpf.Sample", "Blastic.Wpf.Sample\Blastic.Wpf.Sample.csproj", "{4590E6CE-2C76-4299-B6D4-E1395A7AF8DE}"
EndProject
Project("{9A19103F-16F7-4668-BE54-9A1E7A4F7556}") = "Blastic.Wpf", "Blastic.Wpf\Blastic.Wpf.csproj", "{2482D54F-3264-4DC1-9DBE-00CC325D39EF}"
EndProject
Project("{9A19103F-16F7-4668-BE54-9A1E7A4F7556}") = "Blastic.Data", "Blastic.Data\Blastic.Data.csproj", "{554E027F-D0B0-4F93-AFCB-0C6A873A069E}"
EndProject
Project("{9A19103F-16F7-4668-BE54-9A1E7A4F7556}") = "Blastic", "Blastic\Blastic.csproj", "{0C9F41A4-6551-45E6-B98A-1F6E787557AA}"
EndProject
Project("{9A19103F-16F7-4668-BE54-9A1E7A4F7556}") = "Blastic.Wpf.Material", "Blastic.Wpf.Material\Blastic.Wpf.Material.csproj", "{55ABAFC6-54F9-4416-9105-DE3380E6B20D}"
EndProject
Project("{9A19103F-16F7-4668-BE54-9A1E7A4F7556}") = "Blastic.Forms.Sample", "Blastic.Forms.Sample\Blastic.Forms.Sample.csproj", "{D0CA09F7-C15B-4E4B-946A-4D337C2E9E02}"
EndProject
Project("{FAE04EC0-301F-11D3-BF4B-00C04F79EFBC}") = "Blastic.Forms.Sample.iOS", "Blastic.Forms.Sample.iOS\Blastic.Forms.Sample.iOS.csproj", "{DD9C9EA0-8D30-4202-B90B-64396260BF36}"
EndProject
Project("{FAE04EC0-301F-11D3-BF4B-00C04F79EFBC}") = "Blastic.Forms.Sample.Android", "Blastic.Forms.Sample.Android\Blastic.Forms.Sample.Android.csproj", "{1C6E659A-E51F-4423-A13B-5B5DEAA2B8CD}"
EndProject
Project("{9A19103F-16F7-4668-BE54-9A1E7A4F7556}") = "Blastic.Forms", "Blastic.Forms\Blastic.Forms.csproj", "{A582FF56-894B-483E-B1E0-54225F0FD081}"
EndProject
Project("{9A19103F-16F7-4668-BE54-9A1E7A4F7556}") = "Blastic.CodeGeneration", "Blastic.CodeGeneration\Blastic.CodeGeneration.csproj", "{B36695DB-AC4A-41C3-8A17-C6787D0CE61E}"
EndProject
Project("{9A19103F-16F7-4668-BE54-9A1E7A4F7556}") = "Blastic.CodeGeneration.Test", "Blastic.CodeGeneration.Test\Blastic.CodeGeneration.Test.csproj", "{67613341-524B-4164-9F0C-E1532CDE6D18}"
EndProject
Project("{FAE04EC0-301F-11D3-BF4B-00C04F79EFBC}") = "Blastic.Avalonia.Sample", "Blastic.Avalonia.Sample\Blastic.Avalonia.Sample.csproj", "{6BB1B299-B471-4A2C-9F98-EDA2E535467A}"
EndProject
Global
	GlobalSection(SolutionConfigurationPlatforms) = preSolution
		Ad-Hoc|Any CPU = Ad-Hoc|Any CPU
		Ad-Hoc|ARM = Ad-Hoc|ARM
		Ad-Hoc|ARM64 = Ad-Hoc|ARM64
		Ad-Hoc|iPhone = Ad-Hoc|iPhone
		Ad-Hoc|iPhoneSimulator = Ad-Hoc|iPhoneSimulator
		Ad-Hoc|x64 = Ad-Hoc|x64
		Ad-Hoc|x86 = Ad-Hoc|x86
		AppStore|Any CPU = AppStore|Any CPU
		AppStore|ARM = AppStore|ARM
		AppStore|ARM64 = AppStore|ARM64
		AppStore|iPhone = AppStore|iPhone
		AppStore|iPhoneSimulator = AppStore|iPhoneSimulator
		AppStore|x64 = AppStore|x64
		AppStore|x86 = AppStore|x86
		Debug|Any CPU = Debug|Any CPU
		Debug|ARM = Debug|ARM
		Debug|ARM64 = Debug|ARM64
		Debug|iPhone = Debug|iPhone
		Debug|iPhoneSimulator = Debug|iPhoneSimulator
		Debug|x64 = Debug|x64
		Debug|x86 = Debug|x86
		Release|Any CPU = Release|Any CPU
		Release|ARM = Release|ARM
		Release|ARM64 = Release|ARM64
		Release|iPhone = Release|iPhone
		Release|iPhoneSimulator = Release|iPhoneSimulator
		Release|x64 = Release|x64
		Release|x86 = Release|x86
	EndGlobalSection
	GlobalSection(ProjectConfigurationPlatforms) = postSolution
		{4590E6CE-2C76-4299-B6D4-E1395A7AF8DE}.Ad-Hoc|Any CPU.ActiveCfg = Release|Any CPU
		{4590E6CE-2C76-4299-B6D4-E1395A7AF8DE}.Ad-Hoc|Any CPU.Build.0 = Release|Any CPU
		{4590E6CE-2C76-4299-B6D4-E1395A7AF8DE}.Ad-Hoc|ARM.ActiveCfg = Release|Any CPU
		{4590E6CE-2C76-4299-B6D4-E1395A7AF8DE}.Ad-Hoc|ARM.Build.0 = Release|Any CPU
		{4590E6CE-2C76-4299-B6D4-E1395A7AF8DE}.Ad-Hoc|ARM64.ActiveCfg = Release|Any CPU
		{4590E6CE-2C76-4299-B6D4-E1395A7AF8DE}.Ad-Hoc|ARM64.Build.0 = Release|Any CPU
		{4590E6CE-2C76-4299-B6D4-E1395A7AF8DE}.Ad-Hoc|iPhone.ActiveCfg = Release|Any CPU
		{4590E6CE-2C76-4299-B6D4-E1395A7AF8DE}.Ad-Hoc|iPhone.Build.0 = Release|Any CPU
		{4590E6CE-2C76-4299-B6D4-E1395A7AF8DE}.Ad-Hoc|iPhoneSimulator.ActiveCfg = Release|Any CPU
		{4590E6CE-2C76-4299-B6D4-E1395A7AF8DE}.Ad-Hoc|iPhoneSimulator.Build.0 = Release|Any CPU
		{4590E6CE-2C76-4299-B6D4-E1395A7AF8DE}.Ad-Hoc|x64.ActiveCfg = Release|Any CPU
		{4590E6CE-2C76-4299-B6D4-E1395A7AF8DE}.Ad-Hoc|x64.Build.0 = Release|Any CPU
		{4590E6CE-2C76-4299-B6D4-E1395A7AF8DE}.Ad-Hoc|x86.ActiveCfg = Release|Any CPU
		{4590E6CE-2C76-4299-B6D4-E1395A7AF8DE}.Ad-Hoc|x86.Build.0 = Release|Any CPU
		{4590E6CE-2C76-4299-B6D4-E1395A7AF8DE}.AppStore|Any CPU.ActiveCfg = Release|Any CPU
		{4590E6CE-2C76-4299-B6D4-E1395A7AF8DE}.AppStore|Any CPU.Build.0 = Release|Any CPU
		{4590E6CE-2C76-4299-B6D4-E1395A7AF8DE}.AppStore|ARM.ActiveCfg = Release|Any CPU
		{4590E6CE-2C76-4299-B6D4-E1395A7AF8DE}.AppStore|ARM.Build.0 = Release|Any CPU
		{4590E6CE-2C76-4299-B6D4-E1395A7AF8DE}.AppStore|ARM64.ActiveCfg = Release|Any CPU
		{4590E6CE-2C76-4299-B6D4-E1395A7AF8DE}.AppStore|ARM64.Build.0 = Release|Any CPU
		{4590E6CE-2C76-4299-B6D4-E1395A7AF8DE}.AppStore|iPhone.ActiveCfg = Release|Any CPU
		{4590E6CE-2C76-4299-B6D4-E1395A7AF8DE}.AppStore|iPhone.Build.0 = Release|Any CPU
		{4590E6CE-2C76-4299-B6D4-E1395A7AF8DE}.AppStore|iPhoneSimulator.ActiveCfg = Release|Any CPU
		{4590E6CE-2C76-4299-B6D4-E1395A7AF8DE}.AppStore|iPhoneSimulator.Build.0 = Release|Any CPU
		{4590E6CE-2C76-4299-B6D4-E1395A7AF8DE}.AppStore|x64.ActiveCfg = Release|Any CPU
		{4590E6CE-2C76-4299-B6D4-E1395A7AF8DE}.AppStore|x64.Build.0 = Release|Any CPU
		{4590E6CE-2C76-4299-B6D4-E1395A7AF8DE}.AppStore|x86.ActiveCfg = Release|Any CPU
		{4590E6CE-2C76-4299-B6D4-E1395A7AF8DE}.AppStore|x86.Build.0 = Release|Any CPU
		{4590E6CE-2C76-4299-B6D4-E1395A7AF8DE}.Debug|Any CPU.ActiveCfg = Debug|Any CPU
		{4590E6CE-2C76-4299-B6D4-E1395A7AF8DE}.Debug|Any CPU.Build.0 = Debug|Any CPU
		{4590E6CE-2C76-4299-B6D4-E1395A7AF8DE}.Debug|ARM.ActiveCfg = Debug|Any CPU
		{4590E6CE-2C76-4299-B6D4-E1395A7AF8DE}.Debug|ARM.Build.0 = Debug|Any CPU
		{4590E6CE-2C76-4299-B6D4-E1395A7AF8DE}.Debug|ARM64.ActiveCfg = Debug|Any CPU
		{4590E6CE-2C76-4299-B6D4-E1395A7AF8DE}.Debug|ARM64.Build.0 = Debug|Any CPU
		{4590E6CE-2C76-4299-B6D4-E1395A7AF8DE}.Debug|iPhone.ActiveCfg = Debug|Any CPU
		{4590E6CE-2C76-4299-B6D4-E1395A7AF8DE}.Debug|iPhone.Build.0 = Debug|Any CPU
		{4590E6CE-2C76-4299-B6D4-E1395A7AF8DE}.Debug|iPhoneSimulator.ActiveCfg = Debug|Any CPU
		{4590E6CE-2C76-4299-B6D4-E1395A7AF8DE}.Debug|iPhoneSimulator.Build.0 = Debug|Any CPU
		{4590E6CE-2C76-4299-B6D4-E1395A7AF8DE}.Debug|x64.ActiveCfg = Debug|Any CPU
		{4590E6CE-2C76-4299-B6D4-E1395A7AF8DE}.Debug|x64.Build.0 = Debug|Any CPU
		{4590E6CE-2C76-4299-B6D4-E1395A7AF8DE}.Debug|x86.ActiveCfg = Debug|Any CPU
		{4590E6CE-2C76-4299-B6D4-E1395A7AF8DE}.Debug|x86.Build.0 = Debug|Any CPU
		{4590E6CE-2C76-4299-B6D4-E1395A7AF8DE}.Release|Any CPU.ActiveCfg = Release|Any CPU
		{4590E6CE-2C76-4299-B6D4-E1395A7AF8DE}.Release|Any CPU.Build.0 = Release|Any CPU
		{4590E6CE-2C76-4299-B6D4-E1395A7AF8DE}.Release|ARM.ActiveCfg = Release|Any CPU
		{4590E6CE-2C76-4299-B6D4-E1395A7AF8DE}.Release|ARM.Build.0 = Release|Any CPU
		{4590E6CE-2C76-4299-B6D4-E1395A7AF8DE}.Release|ARM64.ActiveCfg = Release|Any CPU
		{4590E6CE-2C76-4299-B6D4-E1395A7AF8DE}.Release|ARM64.Build.0 = Release|Any CPU
		{4590E6CE-2C76-4299-B6D4-E1395A7AF8DE}.Release|iPhone.ActiveCfg = Release|Any CPU
		{4590E6CE-2C76-4299-B6D4-E1395A7AF8DE}.Release|iPhone.Build.0 = Release|Any CPU
		{4590E6CE-2C76-4299-B6D4-E1395A7AF8DE}.Release|iPhoneSimulator.ActiveCfg = Release|Any CPU
		{4590E6CE-2C76-4299-B6D4-E1395A7AF8DE}.Release|iPhoneSimulator.Build.0 = Release|Any CPU
		{4590E6CE-2C76-4299-B6D4-E1395A7AF8DE}.Release|x64.ActiveCfg = Release|Any CPU
		{4590E6CE-2C76-4299-B6D4-E1395A7AF8DE}.Release|x64.Build.0 = Release|Any CPU
		{4590E6CE-2C76-4299-B6D4-E1395A7AF8DE}.Release|x86.ActiveCfg = Release|Any CPU
		{4590E6CE-2C76-4299-B6D4-E1395A7AF8DE}.Release|x86.Build.0 = Release|Any CPU
		{2482D54F-3264-4DC1-9DBE-00CC325D39EF}.Ad-Hoc|Any CPU.ActiveCfg = Release|Any CPU
		{2482D54F-3264-4DC1-9DBE-00CC325D39EF}.Ad-Hoc|Any CPU.Build.0 = Release|Any CPU
		{2482D54F-3264-4DC1-9DBE-00CC325D39EF}.Ad-Hoc|ARM.ActiveCfg = Release|Any CPU
		{2482D54F-3264-4DC1-9DBE-00CC325D39EF}.Ad-Hoc|ARM.Build.0 = Release|Any CPU
		{2482D54F-3264-4DC1-9DBE-00CC325D39EF}.Ad-Hoc|ARM64.ActiveCfg = Release|Any CPU
		{2482D54F-3264-4DC1-9DBE-00CC325D39EF}.Ad-Hoc|ARM64.Build.0 = Release|Any CPU
		{2482D54F-3264-4DC1-9DBE-00CC325D39EF}.Ad-Hoc|iPhone.ActiveCfg = Release|Any CPU
		{2482D54F-3264-4DC1-9DBE-00CC325D39EF}.Ad-Hoc|iPhone.Build.0 = Release|Any CPU
		{2482D54F-3264-4DC1-9DBE-00CC325D39EF}.Ad-Hoc|iPhoneSimulator.ActiveCfg = Release|Any CPU
		{2482D54F-3264-4DC1-9DBE-00CC325D39EF}.Ad-Hoc|iPhoneSimulator.Build.0 = Release|Any CPU
		{2482D54F-3264-4DC1-9DBE-00CC325D39EF}.Ad-Hoc|x64.ActiveCfg = Release|Any CPU
		{2482D54F-3264-4DC1-9DBE-00CC325D39EF}.Ad-Hoc|x64.Build.0 = Release|Any CPU
		{2482D54F-3264-4DC1-9DBE-00CC325D39EF}.Ad-Hoc|x86.ActiveCfg = Release|Any CPU
		{2482D54F-3264-4DC1-9DBE-00CC325D39EF}.Ad-Hoc|x86.Build.0 = Release|Any CPU
		{2482D54F-3264-4DC1-9DBE-00CC325D39EF}.AppStore|Any CPU.ActiveCfg = Release|Any CPU
		{2482D54F-3264-4DC1-9DBE-00CC325D39EF}.AppStore|Any CPU.Build.0 = Release|Any CPU
		{2482D54F-3264-4DC1-9DBE-00CC325D39EF}.AppStore|ARM.ActiveCfg = Release|Any CPU
		{2482D54F-3264-4DC1-9DBE-00CC325D39EF}.AppStore|ARM.Build.0 = Release|Any CPU
		{2482D54F-3264-4DC1-9DBE-00CC325D39EF}.AppStore|ARM64.ActiveCfg = Release|Any CPU
		{2482D54F-3264-4DC1-9DBE-00CC325D39EF}.AppStore|ARM64.Build.0 = Release|Any CPU
		{2482D54F-3264-4DC1-9DBE-00CC325D39EF}.AppStore|iPhone.ActiveCfg = Release|Any CPU
		{2482D54F-3264-4DC1-9DBE-00CC325D39EF}.AppStore|iPhone.Build.0 = Release|Any CPU
		{2482D54F-3264-4DC1-9DBE-00CC325D39EF}.AppStore|iPhoneSimulator.ActiveCfg = Release|Any CPU
		{2482D54F-3264-4DC1-9DBE-00CC325D39EF}.AppStore|iPhoneSimulator.Build.0 = Release|Any CPU
		{2482D54F-3264-4DC1-9DBE-00CC325D39EF}.AppStore|x64.ActiveCfg = Release|Any CPU
		{2482D54F-3264-4DC1-9DBE-00CC325D39EF}.AppStore|x64.Build.0 = Release|Any CPU
		{2482D54F-3264-4DC1-9DBE-00CC325D39EF}.AppStore|x86.ActiveCfg = Release|Any CPU
		{2482D54F-3264-4DC1-9DBE-00CC325D39EF}.AppStore|x86.Build.0 = Release|Any CPU
		{2482D54F-3264-4DC1-9DBE-00CC325D39EF}.Debug|Any CPU.ActiveCfg = Debug|Any CPU
		{2482D54F-3264-4DC1-9DBE-00CC325D39EF}.Debug|Any CPU.Build.0 = Debug|Any CPU
		{2482D54F-3264-4DC1-9DBE-00CC325D39EF}.Debug|ARM.ActiveCfg = Debug|Any CPU
		{2482D54F-3264-4DC1-9DBE-00CC325D39EF}.Debug|ARM.Build.0 = Debug|Any CPU
		{2482D54F-3264-4DC1-9DBE-00CC325D39EF}.Debug|ARM64.ActiveCfg = Debug|Any CPU
		{2482D54F-3264-4DC1-9DBE-00CC325D39EF}.Debug|ARM64.Build.0 = Debug|Any CPU
		{2482D54F-3264-4DC1-9DBE-00CC325D39EF}.Debug|iPhone.ActiveCfg = Debug|Any CPU
		{2482D54F-3264-4DC1-9DBE-00CC325D39EF}.Debug|iPhone.Build.0 = Debug|Any CPU
		{2482D54F-3264-4DC1-9DBE-00CC325D39EF}.Debug|iPhoneSimulator.ActiveCfg = Debug|Any CPU
		{2482D54F-3264-4DC1-9DBE-00CC325D39EF}.Debug|iPhoneSimulator.Build.0 = Debug|Any CPU
		{2482D54F-3264-4DC1-9DBE-00CC325D39EF}.Debug|x64.ActiveCfg = Debug|Any CPU
		{2482D54F-3264-4DC1-9DBE-00CC325D39EF}.Debug|x64.Build.0 = Debug|Any CPU
		{2482D54F-3264-4DC1-9DBE-00CC325D39EF}.Debug|x86.ActiveCfg = Debug|Any CPU
		{2482D54F-3264-4DC1-9DBE-00CC325D39EF}.Debug|x86.Build.0 = Debug|Any CPU
		{2482D54F-3264-4DC1-9DBE-00CC325D39EF}.Release|Any CPU.ActiveCfg = Release|Any CPU
		{2482D54F-3264-4DC1-9DBE-00CC325D39EF}.Release|Any CPU.Build.0 = Release|Any CPU
		{2482D54F-3264-4DC1-9DBE-00CC325D39EF}.Release|ARM.ActiveCfg = Release|Any CPU
		{2482D54F-3264-4DC1-9DBE-00CC325D39EF}.Release|ARM.Build.0 = Release|Any CPU
		{2482D54F-3264-4DC1-9DBE-00CC325D39EF}.Release|ARM64.ActiveCfg = Release|Any CPU
		{2482D54F-3264-4DC1-9DBE-00CC325D39EF}.Release|ARM64.Build.0 = Release|Any CPU
		{2482D54F-3264-4DC1-9DBE-00CC325D39EF}.Release|iPhone.ActiveCfg = Release|Any CPU
		{2482D54F-3264-4DC1-9DBE-00CC325D39EF}.Release|iPhone.Build.0 = Release|Any CPU
		{2482D54F-3264-4DC1-9DBE-00CC325D39EF}.Release|iPhoneSimulator.ActiveCfg = Release|Any CPU
		{2482D54F-3264-4DC1-9DBE-00CC325D39EF}.Release|iPhoneSimulator.Build.0 = Release|Any CPU
		{2482D54F-3264-4DC1-9DBE-00CC325D39EF}.Release|x64.ActiveCfg = Release|Any CPU
		{2482D54F-3264-4DC1-9DBE-00CC325D39EF}.Release|x64.Build.0 = Release|Any CPU
		{2482D54F-3264-4DC1-9DBE-00CC325D39EF}.Release|x86.ActiveCfg = Release|Any CPU
		{2482D54F-3264-4DC1-9DBE-00CC325D39EF}.Release|x86.Build.0 = Release|Any CPU
		{554E027F-D0B0-4F93-AFCB-0C6A873A069E}.Ad-Hoc|Any CPU.ActiveCfg = Release|Any CPU
		{554E027F-D0B0-4F93-AFCB-0C6A873A069E}.Ad-Hoc|Any CPU.Build.0 = Release|Any CPU
		{554E027F-D0B0-4F93-AFCB-0C6A873A069E}.Ad-Hoc|ARM.ActiveCfg = Release|Any CPU
		{554E027F-D0B0-4F93-AFCB-0C6A873A069E}.Ad-Hoc|ARM.Build.0 = Release|Any CPU
		{554E027F-D0B0-4F93-AFCB-0C6A873A069E}.Ad-Hoc|ARM64.ActiveCfg = Release|Any CPU
		{554E027F-D0B0-4F93-AFCB-0C6A873A069E}.Ad-Hoc|ARM64.Build.0 = Release|Any CPU
		{554E027F-D0B0-4F93-AFCB-0C6A873A069E}.Ad-Hoc|iPhone.ActiveCfg = Release|Any CPU
		{554E027F-D0B0-4F93-AFCB-0C6A873A069E}.Ad-Hoc|iPhone.Build.0 = Release|Any CPU
		{554E027F-D0B0-4F93-AFCB-0C6A873A069E}.Ad-Hoc|iPhoneSimulator.ActiveCfg = Release|Any CPU
		{554E027F-D0B0-4F93-AFCB-0C6A873A069E}.Ad-Hoc|iPhoneSimulator.Build.0 = Release|Any CPU
		{554E027F-D0B0-4F93-AFCB-0C6A873A069E}.Ad-Hoc|x64.ActiveCfg = Release|Any CPU
		{554E027F-D0B0-4F93-AFCB-0C6A873A069E}.Ad-Hoc|x64.Build.0 = Release|Any CPU
		{554E027F-D0B0-4F93-AFCB-0C6A873A069E}.Ad-Hoc|x86.ActiveCfg = Release|Any CPU
		{554E027F-D0B0-4F93-AFCB-0C6A873A069E}.Ad-Hoc|x86.Build.0 = Release|Any CPU
		{554E027F-D0B0-4F93-AFCB-0C6A873A069E}.AppStore|Any CPU.ActiveCfg = Release|Any CPU
		{554E027F-D0B0-4F93-AFCB-0C6A873A069E}.AppStore|Any CPU.Build.0 = Release|Any CPU
		{554E027F-D0B0-4F93-AFCB-0C6A873A069E}.AppStore|ARM.ActiveCfg = Release|Any CPU
		{554E027F-D0B0-4F93-AFCB-0C6A873A069E}.AppStore|ARM.Build.0 = Release|Any CPU
		{554E027F-D0B0-4F93-AFCB-0C6A873A069E}.AppStore|ARM64.ActiveCfg = Release|Any CPU
		{554E027F-D0B0-4F93-AFCB-0C6A873A069E}.AppStore|ARM64.Build.0 = Release|Any CPU
		{554E027F-D0B0-4F93-AFCB-0C6A873A069E}.AppStore|iPhone.ActiveCfg = Release|Any CPU
		{554E027F-D0B0-4F93-AFCB-0C6A873A069E}.AppStore|iPhone.Build.0 = Release|Any CPU
		{554E027F-D0B0-4F93-AFCB-0C6A873A069E}.AppStore|iPhoneSimulator.ActiveCfg = Release|Any CPU
		{554E027F-D0B0-4F93-AFCB-0C6A873A069E}.AppStore|iPhoneSimulator.Build.0 = Release|Any CPU
		{554E027F-D0B0-4F93-AFCB-0C6A873A069E}.AppStore|x64.ActiveCfg = Release|Any CPU
		{554E027F-D0B0-4F93-AFCB-0C6A873A069E}.AppStore|x64.Build.0 = Release|Any CPU
		{554E027F-D0B0-4F93-AFCB-0C6A873A069E}.AppStore|x86.ActiveCfg = Release|Any CPU
		{554E027F-D0B0-4F93-AFCB-0C6A873A069E}.AppStore|x86.Build.0 = Release|Any CPU
		{554E027F-D0B0-4F93-AFCB-0C6A873A069E}.Debug|Any CPU.ActiveCfg = Debug|Any CPU
		{554E027F-D0B0-4F93-AFCB-0C6A873A069E}.Debug|Any CPU.Build.0 = Debug|Any CPU
		{554E027F-D0B0-4F93-AFCB-0C6A873A069E}.Debug|ARM.ActiveCfg = Debug|Any CPU
		{554E027F-D0B0-4F93-AFCB-0C6A873A069E}.Debug|ARM.Build.0 = Debug|Any CPU
		{554E027F-D0B0-4F93-AFCB-0C6A873A069E}.Debug|ARM64.ActiveCfg = Debug|Any CPU
		{554E027F-D0B0-4F93-AFCB-0C6A873A069E}.Debug|ARM64.Build.0 = Debug|Any CPU
		{554E027F-D0B0-4F93-AFCB-0C6A873A069E}.Debug|iPhone.ActiveCfg = Debug|Any CPU
		{554E027F-D0B0-4F93-AFCB-0C6A873A069E}.Debug|iPhone.Build.0 = Debug|Any CPU
		{554E027F-D0B0-4F93-AFCB-0C6A873A069E}.Debug|iPhoneSimulator.ActiveCfg = Debug|Any CPU
		{554E027F-D0B0-4F93-AFCB-0C6A873A069E}.Debug|iPhoneSimulator.Build.0 = Debug|Any CPU
		{554E027F-D0B0-4F93-AFCB-0C6A873A069E}.Debug|x64.ActiveCfg = Debug|Any CPU
		{554E027F-D0B0-4F93-AFCB-0C6A873A069E}.Debug|x64.Build.0 = Debug|Any CPU
		{554E027F-D0B0-4F93-AFCB-0C6A873A069E}.Debug|x86.ActiveCfg = Debug|Any CPU
		{554E027F-D0B0-4F93-AFCB-0C6A873A069E}.Debug|x86.Build.0 = Debug|Any CPU
		{554E027F-D0B0-4F93-AFCB-0C6A873A069E}.Release|Any CPU.ActiveCfg = Release|Any CPU
		{554E027F-D0B0-4F93-AFCB-0C6A873A069E}.Release|Any CPU.Build.0 = Release|Any CPU
		{554E027F-D0B0-4F93-AFCB-0C6A873A069E}.Release|ARM.ActiveCfg = Release|Any CPU
		{554E027F-D0B0-4F93-AFCB-0C6A873A069E}.Release|ARM.Build.0 = Release|Any CPU
		{554E027F-D0B0-4F93-AFCB-0C6A873A069E}.Release|ARM64.ActiveCfg = Release|Any CPU
		{554E027F-D0B0-4F93-AFCB-0C6A873A069E}.Release|ARM64.Build.0 = Release|Any CPU
		{554E027F-D0B0-4F93-AFCB-0C6A873A069E}.Release|iPhone.ActiveCfg = Release|Any CPU
		{554E027F-D0B0-4F93-AFCB-0C6A873A069E}.Release|iPhone.Build.0 = Release|Any CPU
		{554E027F-D0B0-4F93-AFCB-0C6A873A069E}.Release|iPhoneSimulator.ActiveCfg = Release|Any CPU
		{554E027F-D0B0-4F93-AFCB-0C6A873A069E}.Release|iPhoneSimulator.Build.0 = Release|Any CPU
		{554E027F-D0B0-4F93-AFCB-0C6A873A069E}.Release|x64.ActiveCfg = Release|Any CPU
		{554E027F-D0B0-4F93-AFCB-0C6A873A069E}.Release|x64.Build.0 = Release|Any CPU
		{554E027F-D0B0-4F93-AFCB-0C6A873A069E}.Release|x86.ActiveCfg = Release|Any CPU
		{554E027F-D0B0-4F93-AFCB-0C6A873A069E}.Release|x86.Build.0 = Release|Any CPU
		{0C9F41A4-6551-45E6-B98A-1F6E787557AA}.Ad-Hoc|Any CPU.ActiveCfg = Release|Any CPU
		{0C9F41A4-6551-45E6-B98A-1F6E787557AA}.Ad-Hoc|Any CPU.Build.0 = Release|Any CPU
		{0C9F41A4-6551-45E6-B98A-1F6E787557AA}.Ad-Hoc|ARM.ActiveCfg = Release|Any CPU
		{0C9F41A4-6551-45E6-B98A-1F6E787557AA}.Ad-Hoc|ARM.Build.0 = Release|Any CPU
		{0C9F41A4-6551-45E6-B98A-1F6E787557AA}.Ad-Hoc|ARM64.ActiveCfg = Release|Any CPU
		{0C9F41A4-6551-45E6-B98A-1F6E787557AA}.Ad-Hoc|ARM64.Build.0 = Release|Any CPU
		{0C9F41A4-6551-45E6-B98A-1F6E787557AA}.Ad-Hoc|iPhone.ActiveCfg = Release|Any CPU
		{0C9F41A4-6551-45E6-B98A-1F6E787557AA}.Ad-Hoc|iPhone.Build.0 = Release|Any CPU
		{0C9F41A4-6551-45E6-B98A-1F6E787557AA}.Ad-Hoc|iPhoneSimulator.ActiveCfg = Release|Any CPU
		{0C9F41A4-6551-45E6-B98A-1F6E787557AA}.Ad-Hoc|iPhoneSimulator.Build.0 = Release|Any CPU
		{0C9F41A4-6551-45E6-B98A-1F6E787557AA}.Ad-Hoc|x64.ActiveCfg = Release|Any CPU
		{0C9F41A4-6551-45E6-B98A-1F6E787557AA}.Ad-Hoc|x64.Build.0 = Release|Any CPU
		{0C9F41A4-6551-45E6-B98A-1F6E787557AA}.Ad-Hoc|x86.ActiveCfg = Release|Any CPU
		{0C9F41A4-6551-45E6-B98A-1F6E787557AA}.Ad-Hoc|x86.Build.0 = Release|Any CPU
		{0C9F41A4-6551-45E6-B98A-1F6E787557AA}.AppStore|Any CPU.ActiveCfg = Release|Any CPU
		{0C9F41A4-6551-45E6-B98A-1F6E787557AA}.AppStore|Any CPU.Build.0 = Release|Any CPU
		{0C9F41A4-6551-45E6-B98A-1F6E787557AA}.AppStore|ARM.ActiveCfg = Release|Any CPU
		{0C9F41A4-6551-45E6-B98A-1F6E787557AA}.AppStore|ARM.Build.0 = Release|Any CPU
		{0C9F41A4-6551-45E6-B98A-1F6E787557AA}.AppStore|ARM64.ActiveCfg = Release|Any CPU
		{0C9F41A4-6551-45E6-B98A-1F6E787557AA}.AppStore|ARM64.Build.0 = Release|Any CPU
		{0C9F41A4-6551-45E6-B98A-1F6E787557AA}.AppStore|iPhone.ActiveCfg = Release|Any CPU
		{0C9F41A4-6551-45E6-B98A-1F6E787557AA}.AppStore|iPhone.Build.0 = Release|Any CPU
		{0C9F41A4-6551-45E6-B98A-1F6E787557AA}.AppStore|iPhoneSimulator.ActiveCfg = Release|Any CPU
		{0C9F41A4-6551-45E6-B98A-1F6E787557AA}.AppStore|iPhoneSimulator.Build.0 = Release|Any CPU
		{0C9F41A4-6551-45E6-B98A-1F6E787557AA}.AppStore|x64.ActiveCfg = Release|Any CPU
		{0C9F41A4-6551-45E6-B98A-1F6E787557AA}.AppStore|x64.Build.0 = Release|Any CPU
		{0C9F41A4-6551-45E6-B98A-1F6E787557AA}.AppStore|x86.ActiveCfg = Release|Any CPU
		{0C9F41A4-6551-45E6-B98A-1F6E787557AA}.AppStore|x86.Build.0 = Release|Any CPU
		{0C9F41A4-6551-45E6-B98A-1F6E787557AA}.Debug|Any CPU.ActiveCfg = Debug|Any CPU
		{0C9F41A4-6551-45E6-B98A-1F6E787557AA}.Debug|Any CPU.Build.0 = Debug|Any CPU
		{0C9F41A4-6551-45E6-B98A-1F6E787557AA}.Debug|ARM.ActiveCfg = Debug|Any CPU
		{0C9F41A4-6551-45E6-B98A-1F6E787557AA}.Debug|ARM.Build.0 = Debug|Any CPU
		{0C9F41A4-6551-45E6-B98A-1F6E787557AA}.Debug|ARM64.ActiveCfg = Debug|Any CPU
		{0C9F41A4-6551-45E6-B98A-1F6E787557AA}.Debug|ARM64.Build.0 = Debug|Any CPU
		{0C9F41A4-6551-45E6-B98A-1F6E787557AA}.Debug|iPhone.ActiveCfg = Debug|Any CPU
		{0C9F41A4-6551-45E6-B98A-1F6E787557AA}.Debug|iPhone.Build.0 = Debug|Any CPU
		{0C9F41A4-6551-45E6-B98A-1F6E787557AA}.Debug|iPhoneSimulator.ActiveCfg = Debug|Any CPU
		{0C9F41A4-6551-45E6-B98A-1F6E787557AA}.Debug|iPhoneSimulator.Build.0 = Debug|Any CPU
		{0C9F41A4-6551-45E6-B98A-1F6E787557AA}.Debug|x64.ActiveCfg = Debug|Any CPU
		{0C9F41A4-6551-45E6-B98A-1F6E787557AA}.Debug|x64.Build.0 = Debug|Any CPU
		{0C9F41A4-6551-45E6-B98A-1F6E787557AA}.Debug|x86.ActiveCfg = Debug|Any CPU
		{0C9F41A4-6551-45E6-B98A-1F6E787557AA}.Debug|x86.Build.0 = Debug|Any CPU
		{0C9F41A4-6551-45E6-B98A-1F6E787557AA}.Release|Any CPU.ActiveCfg = Release|Any CPU
		{0C9F41A4-6551-45E6-B98A-1F6E787557AA}.Release|Any CPU.Build.0 = Release|Any CPU
		{0C9F41A4-6551-45E6-B98A-1F6E787557AA}.Release|ARM.ActiveCfg = Release|Any CPU
		{0C9F41A4-6551-45E6-B98A-1F6E787557AA}.Release|ARM.Build.0 = Release|Any CPU
		{0C9F41A4-6551-45E6-B98A-1F6E787557AA}.Release|ARM64.ActiveCfg = Release|Any CPU
		{0C9F41A4-6551-45E6-B98A-1F6E787557AA}.Release|ARM64.Build.0 = Release|Any CPU
		{0C9F41A4-6551-45E6-B98A-1F6E787557AA}.Release|iPhone.ActiveCfg = Release|Any CPU
		{0C9F41A4-6551-45E6-B98A-1F6E787557AA}.Release|iPhone.Build.0 = Release|Any CPU
		{0C9F41A4-6551-45E6-B98A-1F6E787557AA}.Release|iPhoneSimulator.ActiveCfg = Release|Any CPU
		{0C9F41A4-6551-45E6-B98A-1F6E787557AA}.Release|iPhoneSimulator.Build.0 = Release|Any CPU
		{0C9F41A4-6551-45E6-B98A-1F6E787557AA}.Release|x64.ActiveCfg = Release|Any CPU
		{0C9F41A4-6551-45E6-B98A-1F6E787557AA}.Release|x64.Build.0 = Release|Any CPU
		{0C9F41A4-6551-45E6-B98A-1F6E787557AA}.Release|x86.ActiveCfg = Release|Any CPU
		{0C9F41A4-6551-45E6-B98A-1F6E787557AA}.Release|x86.Build.0 = Release|Any CPU
		{55ABAFC6-54F9-4416-9105-DE3380E6B20D}.Ad-Hoc|Any CPU.ActiveCfg = Release|Any CPU
		{55ABAFC6-54F9-4416-9105-DE3380E6B20D}.Ad-Hoc|Any CPU.Build.0 = Release|Any CPU
		{55ABAFC6-54F9-4416-9105-DE3380E6B20D}.Ad-Hoc|ARM.ActiveCfg = Release|Any CPU
		{55ABAFC6-54F9-4416-9105-DE3380E6B20D}.Ad-Hoc|ARM.Build.0 = Release|Any CPU
		{55ABAFC6-54F9-4416-9105-DE3380E6B20D}.Ad-Hoc|ARM64.ActiveCfg = Release|Any CPU
		{55ABAFC6-54F9-4416-9105-DE3380E6B20D}.Ad-Hoc|ARM64.Build.0 = Release|Any CPU
		{55ABAFC6-54F9-4416-9105-DE3380E6B20D}.Ad-Hoc|iPhone.ActiveCfg = Release|Any CPU
		{55ABAFC6-54F9-4416-9105-DE3380E6B20D}.Ad-Hoc|iPhone.Build.0 = Release|Any CPU
		{55ABAFC6-54F9-4416-9105-DE3380E6B20D}.Ad-Hoc|iPhoneSimulator.ActiveCfg = Release|Any CPU
		{55ABAFC6-54F9-4416-9105-DE3380E6B20D}.Ad-Hoc|iPhoneSimulator.Build.0 = Release|Any CPU
		{55ABAFC6-54F9-4416-9105-DE3380E6B20D}.Ad-Hoc|x64.ActiveCfg = Release|Any CPU
		{55ABAFC6-54F9-4416-9105-DE3380E6B20D}.Ad-Hoc|x64.Build.0 = Release|Any CPU
		{55ABAFC6-54F9-4416-9105-DE3380E6B20D}.Ad-Hoc|x86.ActiveCfg = Release|Any CPU
		{55ABAFC6-54F9-4416-9105-DE3380E6B20D}.Ad-Hoc|x86.Build.0 = Release|Any CPU
		{55ABAFC6-54F9-4416-9105-DE3380E6B20D}.AppStore|Any CPU.ActiveCfg = Release|Any CPU
		{55ABAFC6-54F9-4416-9105-DE3380E6B20D}.AppStore|Any CPU.Build.0 = Release|Any CPU
		{55ABAFC6-54F9-4416-9105-DE3380E6B20D}.AppStore|ARM.ActiveCfg = Release|Any CPU
		{55ABAFC6-54F9-4416-9105-DE3380E6B20D}.AppStore|ARM.Build.0 = Release|Any CPU
		{55ABAFC6-54F9-4416-9105-DE3380E6B20D}.AppStore|ARM64.ActiveCfg = Release|Any CPU
		{55ABAFC6-54F9-4416-9105-DE3380E6B20D}.AppStore|ARM64.Build.0 = Release|Any CPU
		{55ABAFC6-54F9-4416-9105-DE3380E6B20D}.AppStore|iPhone.ActiveCfg = Release|Any CPU
		{55ABAFC6-54F9-4416-9105-DE3380E6B20D}.AppStore|iPhone.Build.0 = Release|Any CPU
		{55ABAFC6-54F9-4416-9105-DE3380E6B20D}.AppStore|iPhoneSimulator.ActiveCfg = Release|Any CPU
		{55ABAFC6-54F9-4416-9105-DE3380E6B20D}.AppStore|iPhoneSimulator.Build.0 = Release|Any CPU
		{55ABAFC6-54F9-4416-9105-DE3380E6B20D}.AppStore|x64.ActiveCfg = Release|Any CPU
		{55ABAFC6-54F9-4416-9105-DE3380E6B20D}.AppStore|x64.Build.0 = Release|Any CPU
		{55ABAFC6-54F9-4416-9105-DE3380E6B20D}.AppStore|x86.ActiveCfg = Release|Any CPU
		{55ABAFC6-54F9-4416-9105-DE3380E6B20D}.AppStore|x86.Build.0 = Release|Any CPU
		{55ABAFC6-54F9-4416-9105-DE3380E6B20D}.Debug|Any CPU.ActiveCfg = Debug|Any CPU
		{55ABAFC6-54F9-4416-9105-DE3380E6B20D}.Debug|Any CPU.Build.0 = Debug|Any CPU
		{55ABAFC6-54F9-4416-9105-DE3380E6B20D}.Debug|ARM.ActiveCfg = Debug|Any CPU
		{55ABAFC6-54F9-4416-9105-DE3380E6B20D}.Debug|ARM.Build.0 = Debug|Any CPU
		{55ABAFC6-54F9-4416-9105-DE3380E6B20D}.Debug|ARM64.ActiveCfg = Debug|Any CPU
		{55ABAFC6-54F9-4416-9105-DE3380E6B20D}.Debug|ARM64.Build.0 = Debug|Any CPU
		{55ABAFC6-54F9-4416-9105-DE3380E6B20D}.Debug|iPhone.ActiveCfg = Debug|Any CPU
		{55ABAFC6-54F9-4416-9105-DE3380E6B20D}.Debug|iPhone.Build.0 = Debug|Any CPU
		{55ABAFC6-54F9-4416-9105-DE3380E6B20D}.Debug|iPhoneSimulator.ActiveCfg = Debug|Any CPU
		{55ABAFC6-54F9-4416-9105-DE3380E6B20D}.Debug|iPhoneSimulator.Build.0 = Debug|Any CPU
		{55ABAFC6-54F9-4416-9105-DE3380E6B20D}.Debug|x64.ActiveCfg = Debug|Any CPU
		{55ABAFC6-54F9-4416-9105-DE3380E6B20D}.Debug|x64.Build.0 = Debug|Any CPU
		{55ABAFC6-54F9-4416-9105-DE3380E6B20D}.Debug|x86.ActiveCfg = Debug|Any CPU
		{55ABAFC6-54F9-4416-9105-DE3380E6B20D}.Debug|x86.Build.0 = Debug|Any CPU
		{55ABAFC6-54F9-4416-9105-DE3380E6B20D}.Release|Any CPU.ActiveCfg = Release|Any CPU
		{55ABAFC6-54F9-4416-9105-DE3380E6B20D}.Release|Any CPU.Build.0 = Release|Any CPU
		{55ABAFC6-54F9-4416-9105-DE3380E6B20D}.Release|ARM.ActiveCfg = Release|Any CPU
		{55ABAFC6-54F9-4416-9105-DE3380E6B20D}.Release|ARM.Build.0 = Release|Any CPU
		{55ABAFC6-54F9-4416-9105-DE3380E6B20D}.Release|ARM64.ActiveCfg = Release|Any CPU
		{55ABAFC6-54F9-4416-9105-DE3380E6B20D}.Release|ARM64.Build.0 = Release|Any CPU
		{55ABAFC6-54F9-4416-9105-DE3380E6B20D}.Release|iPhone.ActiveCfg = Release|Any CPU
		{55ABAFC6-54F9-4416-9105-DE3380E6B20D}.Release|iPhone.Build.0 = Release|Any CPU
		{55ABAFC6-54F9-4416-9105-DE3380E6B20D}.Release|iPhoneSimulator.ActiveCfg = Release|Any CPU
		{55ABAFC6-54F9-4416-9105-DE3380E6B20D}.Release|iPhoneSimulator.Build.0 = Release|Any CPU
		{55ABAFC6-54F9-4416-9105-DE3380E6B20D}.Release|x64.ActiveCfg = Release|Any CPU
		{55ABAFC6-54F9-4416-9105-DE3380E6B20D}.Release|x64.Build.0 = Release|Any CPU
		{55ABAFC6-54F9-4416-9105-DE3380E6B20D}.Release|x86.ActiveCfg = Release|Any CPU
		{55ABAFC6-54F9-4416-9105-DE3380E6B20D}.Release|x86.Build.0 = Release|Any CPU
		{D0CA09F7-C15B-4E4B-946A-4D337C2E9E02}.Ad-Hoc|Any CPU.ActiveCfg = Release|Any CPU
		{D0CA09F7-C15B-4E4B-946A-4D337C2E9E02}.Ad-Hoc|Any CPU.Build.0 = Release|Any CPU
		{D0CA09F7-C15B-4E4B-946A-4D337C2E9E02}.Ad-Hoc|ARM.ActiveCfg = Release|Any CPU
		{D0CA09F7-C15B-4E4B-946A-4D337C2E9E02}.Ad-Hoc|ARM.Build.0 = Release|Any CPU
		{D0CA09F7-C15B-4E4B-946A-4D337C2E9E02}.Ad-Hoc|ARM64.ActiveCfg = Release|Any CPU
		{D0CA09F7-C15B-4E4B-946A-4D337C2E9E02}.Ad-Hoc|ARM64.Build.0 = Release|Any CPU
		{D0CA09F7-C15B-4E4B-946A-4D337C2E9E02}.Ad-Hoc|iPhone.ActiveCfg = Release|Any CPU
		{D0CA09F7-C15B-4E4B-946A-4D337C2E9E02}.Ad-Hoc|iPhone.Build.0 = Release|Any CPU
		{D0CA09F7-C15B-4E4B-946A-4D337C2E9E02}.Ad-Hoc|iPhoneSimulator.ActiveCfg = Release|Any CPU
		{D0CA09F7-C15B-4E4B-946A-4D337C2E9E02}.Ad-Hoc|iPhoneSimulator.Build.0 = Release|Any CPU
		{D0CA09F7-C15B-4E4B-946A-4D337C2E9E02}.Ad-Hoc|x64.ActiveCfg = Release|Any CPU
		{D0CA09F7-C15B-4E4B-946A-4D337C2E9E02}.Ad-Hoc|x64.Build.0 = Release|Any CPU
		{D0CA09F7-C15B-4E4B-946A-4D337C2E9E02}.Ad-Hoc|x86.ActiveCfg = Release|Any CPU
		{D0CA09F7-C15B-4E4B-946A-4D337C2E9E02}.Ad-Hoc|x86.Build.0 = Release|Any CPU
		{D0CA09F7-C15B-4E4B-946A-4D337C2E9E02}.AppStore|Any CPU.ActiveCfg = Release|Any CPU
		{D0CA09F7-C15B-4E4B-946A-4D337C2E9E02}.AppStore|Any CPU.Build.0 = Release|Any CPU
		{D0CA09F7-C15B-4E4B-946A-4D337C2E9E02}.AppStore|ARM.ActiveCfg = Release|Any CPU
		{D0CA09F7-C15B-4E4B-946A-4D337C2E9E02}.AppStore|ARM.Build.0 = Release|Any CPU
		{D0CA09F7-C15B-4E4B-946A-4D337C2E9E02}.AppStore|ARM64.ActiveCfg = Release|Any CPU
		{D0CA09F7-C15B-4E4B-946A-4D337C2E9E02}.AppStore|ARM64.Build.0 = Release|Any CPU
		{D0CA09F7-C15B-4E4B-946A-4D337C2E9E02}.AppStore|iPhone.ActiveCfg = Release|Any CPU
		{D0CA09F7-C15B-4E4B-946A-4D337C2E9E02}.AppStore|iPhone.Build.0 = Release|Any CPU
		{D0CA09F7-C15B-4E4B-946A-4D337C2E9E02}.AppStore|iPhoneSimulator.ActiveCfg = Release|Any CPU
		{D0CA09F7-C15B-4E4B-946A-4D337C2E9E02}.AppStore|iPhoneSimulator.Build.0 = Release|Any CPU
		{D0CA09F7-C15B-4E4B-946A-4D337C2E9E02}.AppStore|x64.ActiveCfg = Release|Any CPU
		{D0CA09F7-C15B-4E4B-946A-4D337C2E9E02}.AppStore|x64.Build.0 = Release|Any CPU
		{D0CA09F7-C15B-4E4B-946A-4D337C2E9E02}.AppStore|x86.ActiveCfg = Release|Any CPU
		{D0CA09F7-C15B-4E4B-946A-4D337C2E9E02}.AppStore|x86.Build.0 = Release|Any CPU
		{D0CA09F7-C15B-4E4B-946A-4D337C2E9E02}.Debug|Any CPU.ActiveCfg = Debug|Any CPU
		{D0CA09F7-C15B-4E4B-946A-4D337C2E9E02}.Debug|Any CPU.Build.0 = Debug|Any CPU
		{D0CA09F7-C15B-4E4B-946A-4D337C2E9E02}.Debug|ARM.ActiveCfg = Debug|Any CPU
		{D0CA09F7-C15B-4E4B-946A-4D337C2E9E02}.Debug|ARM.Build.0 = Debug|Any CPU
		{D0CA09F7-C15B-4E4B-946A-4D337C2E9E02}.Debug|ARM64.ActiveCfg = Debug|Any CPU
		{D0CA09F7-C15B-4E4B-946A-4D337C2E9E02}.Debug|ARM64.Build.0 = Debug|Any CPU
		{D0CA09F7-C15B-4E4B-946A-4D337C2E9E02}.Debug|iPhone.ActiveCfg = Debug|Any CPU
		{D0CA09F7-C15B-4E4B-946A-4D337C2E9E02}.Debug|iPhone.Build.0 = Debug|Any CPU
		{D0CA09F7-C15B-4E4B-946A-4D337C2E9E02}.Debug|iPhoneSimulator.ActiveCfg = Debug|Any CPU
		{D0CA09F7-C15B-4E4B-946A-4D337C2E9E02}.Debug|iPhoneSimulator.Build.0 = Debug|Any CPU
		{D0CA09F7-C15B-4E4B-946A-4D337C2E9E02}.Debug|x64.ActiveCfg = Debug|Any CPU
		{D0CA09F7-C15B-4E4B-946A-4D337C2E9E02}.Debug|x64.Build.0 = Debug|Any CPU
		{D0CA09F7-C15B-4E4B-946A-4D337C2E9E02}.Debug|x86.ActiveCfg = Debug|Any CPU
		{D0CA09F7-C15B-4E4B-946A-4D337C2E9E02}.Debug|x86.Build.0 = Debug|Any CPU
		{D0CA09F7-C15B-4E4B-946A-4D337C2E9E02}.Release|Any CPU.ActiveCfg = Release|Any CPU
		{D0CA09F7-C15B-4E4B-946A-4D337C2E9E02}.Release|Any CPU.Build.0 = Release|Any CPU
		{D0CA09F7-C15B-4E4B-946A-4D337C2E9E02}.Release|ARM.ActiveCfg = Release|Any CPU
		{D0CA09F7-C15B-4E4B-946A-4D337C2E9E02}.Release|ARM.Build.0 = Release|Any CPU
		{D0CA09F7-C15B-4E4B-946A-4D337C2E9E02}.Release|ARM64.ActiveCfg = Release|Any CPU
		{D0CA09F7-C15B-4E4B-946A-4D337C2E9E02}.Release|ARM64.Build.0 = Release|Any CPU
		{D0CA09F7-C15B-4E4B-946A-4D337C2E9E02}.Release|iPhone.ActiveCfg = Release|Any CPU
		{D0CA09F7-C15B-4E4B-946A-4D337C2E9E02}.Release|iPhone.Build.0 = Release|Any CPU
		{D0CA09F7-C15B-4E4B-946A-4D337C2E9E02}.Release|iPhoneSimulator.ActiveCfg = Release|Any CPU
		{D0CA09F7-C15B-4E4B-946A-4D337C2E9E02}.Release|iPhoneSimulator.Build.0 = Release|Any CPU
		{D0CA09F7-C15B-4E4B-946A-4D337C2E9E02}.Release|x64.ActiveCfg = Release|Any CPU
		{D0CA09F7-C15B-4E4B-946A-4D337C2E9E02}.Release|x64.Build.0 = Release|Any CPU
		{D0CA09F7-C15B-4E4B-946A-4D337C2E9E02}.Release|x86.ActiveCfg = Release|Any CPU
		{D0CA09F7-C15B-4E4B-946A-4D337C2E9E02}.Release|x86.Build.0 = Release|Any CPU
		{DD9C9EA0-8D30-4202-B90B-64396260BF36}.Ad-Hoc|Any CPU.ActiveCfg = Release|iPhoneSimulator
		{DD9C9EA0-8D30-4202-B90B-64396260BF36}.Ad-Hoc|Any CPU.Build.0 = Release|iPhoneSimulator
		{DD9C9EA0-8D30-4202-B90B-64396260BF36}.Ad-Hoc|ARM.ActiveCfg = Release|iPhoneSimulator
		{DD9C9EA0-8D30-4202-B90B-64396260BF36}.Ad-Hoc|ARM.Build.0 = Release|iPhoneSimulator
		{DD9C9EA0-8D30-4202-B90B-64396260BF36}.Ad-Hoc|ARM64.ActiveCfg = Release|iPhoneSimulator
		{DD9C9EA0-8D30-4202-B90B-64396260BF36}.Ad-Hoc|ARM64.Build.0 = Release|iPhoneSimulator
		{DD9C9EA0-8D30-4202-B90B-64396260BF36}.Ad-Hoc|iPhone.ActiveCfg = Release|iPhone
		{DD9C9EA0-8D30-4202-B90B-64396260BF36}.Ad-Hoc|iPhone.Build.0 = Release|iPhone
		{DD9C9EA0-8D30-4202-B90B-64396260BF36}.Ad-Hoc|iPhoneSimulator.ActiveCfg = Release|iPhoneSimulator
		{DD9C9EA0-8D30-4202-B90B-64396260BF36}.Ad-Hoc|iPhoneSimulator.Build.0 = Release|iPhoneSimulator
		{DD9C9EA0-8D30-4202-B90B-64396260BF36}.Ad-Hoc|x64.ActiveCfg = Release|iPhoneSimulator
		{DD9C9EA0-8D30-4202-B90B-64396260BF36}.Ad-Hoc|x64.Build.0 = Release|iPhoneSimulator
		{DD9C9EA0-8D30-4202-B90B-64396260BF36}.Ad-Hoc|x86.ActiveCfg = Release|iPhoneSimulator
		{DD9C9EA0-8D30-4202-B90B-64396260BF36}.Ad-Hoc|x86.Build.0 = Release|iPhoneSimulator
		{DD9C9EA0-8D30-4202-B90B-64396260BF36}.AppStore|Any CPU.ActiveCfg = Release|iPhoneSimulator
		{DD9C9EA0-8D30-4202-B90B-64396260BF36}.AppStore|Any CPU.Build.0 = Release|iPhoneSimulator
		{DD9C9EA0-8D30-4202-B90B-64396260BF36}.AppStore|ARM.ActiveCfg = Release|iPhoneSimulator
		{DD9C9EA0-8D30-4202-B90B-64396260BF36}.AppStore|ARM.Build.0 = Release|iPhoneSimulator
		{DD9C9EA0-8D30-4202-B90B-64396260BF36}.AppStore|ARM64.ActiveCfg = Release|iPhoneSimulator
		{DD9C9EA0-8D30-4202-B90B-64396260BF36}.AppStore|ARM64.Build.0 = Release|iPhoneSimulator
		{DD9C9EA0-8D30-4202-B90B-64396260BF36}.AppStore|iPhone.ActiveCfg = Release|iPhone
		{DD9C9EA0-8D30-4202-B90B-64396260BF36}.AppStore|iPhone.Build.0 = Release|iPhone
		{DD9C9EA0-8D30-4202-B90B-64396260BF36}.AppStore|iPhoneSimulator.ActiveCfg = Release|iPhoneSimulator
		{DD9C9EA0-8D30-4202-B90B-64396260BF36}.AppStore|iPhoneSimulator.Build.0 = Release|iPhoneSimulator
		{DD9C9EA0-8D30-4202-B90B-64396260BF36}.AppStore|x64.ActiveCfg = Release|iPhoneSimulator
		{DD9C9EA0-8D30-4202-B90B-64396260BF36}.AppStore|x64.Build.0 = Release|iPhoneSimulator
		{DD9C9EA0-8D30-4202-B90B-64396260BF36}.AppStore|x86.ActiveCfg = Release|iPhoneSimulator
		{DD9C9EA0-8D30-4202-B90B-64396260BF36}.AppStore|x86.Build.0 = Release|iPhoneSimulator
		{DD9C9EA0-8D30-4202-B90B-64396260BF36}.Debug|Any CPU.ActiveCfg = Debug|iPhone
		{DD9C9EA0-8D30-4202-B90B-64396260BF36}.Debug|ARM.ActiveCfg = Debug|iPhoneSimulator
		{DD9C9EA0-8D30-4202-B90B-64396260BF36}.Debug|ARM64.ActiveCfg = Debug|iPhoneSimulator
		{DD9C9EA0-8D30-4202-B90B-64396260BF36}.Debug|iPhone.ActiveCfg = Debug|iPhone
		{DD9C9EA0-8D30-4202-B90B-64396260BF36}.Debug|iPhone.Build.0 = Debug|iPhone
		{DD9C9EA0-8D30-4202-B90B-64396260BF36}.Debug|iPhone.Deploy.0 = Debug|iPhone
		{DD9C9EA0-8D30-4202-B90B-64396260BF36}.Debug|iPhoneSimulator.ActiveCfg = Debug|iPhoneSimulator
		{DD9C9EA0-8D30-4202-B90B-64396260BF36}.Debug|iPhoneSimulator.Build.0 = Debug|iPhoneSimulator
		{DD9C9EA0-8D30-4202-B90B-64396260BF36}.Debug|x64.ActiveCfg = Debug|iPhoneSimulator
		{DD9C9EA0-8D30-4202-B90B-64396260BF36}.Debug|x86.ActiveCfg = Debug|iPhoneSimulator
		{DD9C9EA0-8D30-4202-B90B-64396260BF36}.Release|Any CPU.ActiveCfg = Release|iPhone
		{DD9C9EA0-8D30-4202-B90B-64396260BF36}.Release|ARM.ActiveCfg = Release|iPhoneSimulator
		{DD9C9EA0-8D30-4202-B90B-64396260BF36}.Release|ARM64.ActiveCfg = Release|iPhoneSimulator
		{DD9C9EA0-8D30-4202-B90B-64396260BF36}.Release|iPhone.ActiveCfg = Release|iPhone
		{DD9C9EA0-8D30-4202-B90B-64396260BF36}.Release|iPhone.Build.0 = Release|iPhone
		{DD9C9EA0-8D30-4202-B90B-64396260BF36}.Release|iPhone.Deploy.0 = Release|iPhone
		{DD9C9EA0-8D30-4202-B90B-64396260BF36}.Release|iPhoneSimulator.ActiveCfg = Release|iPhoneSimulator
		{DD9C9EA0-8D30-4202-B90B-64396260BF36}.Release|iPhoneSimulator.Build.0 = Release|iPhoneSimulator
		{DD9C9EA0-8D30-4202-B90B-64396260BF36}.Release|x64.ActiveCfg = Release|iPhoneSimulator
		{DD9C9EA0-8D30-4202-B90B-64396260BF36}.Release|x86.ActiveCfg = Release|iPhoneSimulator
		{1C6E659A-E51F-4423-A13B-5B5DEAA2B8CD}.Ad-Hoc|Any CPU.ActiveCfg = Release|Any CPU
		{1C6E659A-E51F-4423-A13B-5B5DEAA2B8CD}.Ad-Hoc|Any CPU.Build.0 = Release|Any CPU
		{1C6E659A-E51F-4423-A13B-5B5DEAA2B8CD}.Ad-Hoc|Any CPU.Deploy.0 = Release|Any CPU
		{1C6E659A-E51F-4423-A13B-5B5DEAA2B8CD}.Ad-Hoc|ARM.ActiveCfg = Release|Any CPU
		{1C6E659A-E51F-4423-A13B-5B5DEAA2B8CD}.Ad-Hoc|ARM.Build.0 = Release|Any CPU
		{1C6E659A-E51F-4423-A13B-5B5DEAA2B8CD}.Ad-Hoc|ARM.Deploy.0 = Release|Any CPU
		{1C6E659A-E51F-4423-A13B-5B5DEAA2B8CD}.Ad-Hoc|ARM64.ActiveCfg = Release|Any CPU
		{1C6E659A-E51F-4423-A13B-5B5DEAA2B8CD}.Ad-Hoc|ARM64.Build.0 = Release|Any CPU
		{1C6E659A-E51F-4423-A13B-5B5DEAA2B8CD}.Ad-Hoc|ARM64.Deploy.0 = Release|Any CPU
		{1C6E659A-E51F-4423-A13B-5B5DEAA2B8CD}.Ad-Hoc|iPhone.ActiveCfg = Release|Any CPU
		{1C6E659A-E51F-4423-A13B-5B5DEAA2B8CD}.Ad-Hoc|iPhone.Build.0 = Release|Any CPU
		{1C6E659A-E51F-4423-A13B-5B5DEAA2B8CD}.Ad-Hoc|iPhone.Deploy.0 = Release|Any CPU
		{1C6E659A-E51F-4423-A13B-5B5DEAA2B8CD}.Ad-Hoc|iPhoneSimulator.ActiveCfg = Release|Any CPU
		{1C6E659A-E51F-4423-A13B-5B5DEAA2B8CD}.Ad-Hoc|iPhoneSimulator.Build.0 = Release|Any CPU
		{1C6E659A-E51F-4423-A13B-5B5DEAA2B8CD}.Ad-Hoc|iPhoneSimulator.Deploy.0 = Release|Any CPU
		{1C6E659A-E51F-4423-A13B-5B5DEAA2B8CD}.Ad-Hoc|x64.ActiveCfg = Release|Any CPU
		{1C6E659A-E51F-4423-A13B-5B5DEAA2B8CD}.Ad-Hoc|x64.Build.0 = Release|Any CPU
		{1C6E659A-E51F-4423-A13B-5B5DEAA2B8CD}.Ad-Hoc|x64.Deploy.0 = Release|Any CPU
		{1C6E659A-E51F-4423-A13B-5B5DEAA2B8CD}.Ad-Hoc|x86.ActiveCfg = Release|Any CPU
		{1C6E659A-E51F-4423-A13B-5B5DEAA2B8CD}.Ad-Hoc|x86.Build.0 = Release|Any CPU
		{1C6E659A-E51F-4423-A13B-5B5DEAA2B8CD}.Ad-Hoc|x86.Deploy.0 = Release|Any CPU
		{1C6E659A-E51F-4423-A13B-5B5DEAA2B8CD}.AppStore|Any CPU.ActiveCfg = Release|Any CPU
		{1C6E659A-E51F-4423-A13B-5B5DEAA2B8CD}.AppStore|Any CPU.Build.0 = Release|Any CPU
		{1C6E659A-E51F-4423-A13B-5B5DEAA2B8CD}.AppStore|Any CPU.Deploy.0 = Release|Any CPU
		{1C6E659A-E51F-4423-A13B-5B5DEAA2B8CD}.AppStore|ARM.ActiveCfg = Release|Any CPU
		{1C6E659A-E51F-4423-A13B-5B5DEAA2B8CD}.AppStore|ARM.Build.0 = Release|Any CPU
		{1C6E659A-E51F-4423-A13B-5B5DEAA2B8CD}.AppStore|ARM.Deploy.0 = Release|Any CPU
		{1C6E659A-E51F-4423-A13B-5B5DEAA2B8CD}.AppStore|ARM64.ActiveCfg = Release|Any CPU
		{1C6E659A-E51F-4423-A13B-5B5DEAA2B8CD}.AppStore|ARM64.Build.0 = Release|Any CPU
		{1C6E659A-E51F-4423-A13B-5B5DEAA2B8CD}.AppStore|ARM64.Deploy.0 = Release|Any CPU
		{1C6E659A-E51F-4423-A13B-5B5DEAA2B8CD}.AppStore|iPhone.ActiveCfg = Release|Any CPU
		{1C6E659A-E51F-4423-A13B-5B5DEAA2B8CD}.AppStore|iPhone.Build.0 = Release|Any CPU
		{1C6E659A-E51F-4423-A13B-5B5DEAA2B8CD}.AppStore|iPhone.Deploy.0 = Release|Any CPU
		{1C6E659A-E51F-4423-A13B-5B5DEAA2B8CD}.AppStore|iPhoneSimulator.ActiveCfg = Release|Any CPU
		{1C6E659A-E51F-4423-A13B-5B5DEAA2B8CD}.AppStore|iPhoneSimulator.Build.0 = Release|Any CPU
		{1C6E659A-E51F-4423-A13B-5B5DEAA2B8CD}.AppStore|iPhoneSimulator.Deploy.0 = Release|Any CPU
		{1C6E659A-E51F-4423-A13B-5B5DEAA2B8CD}.AppStore|x64.ActiveCfg = Release|Any CPU
		{1C6E659A-E51F-4423-A13B-5B5DEAA2B8CD}.AppStore|x64.Build.0 = Release|Any CPU
		{1C6E659A-E51F-4423-A13B-5B5DEAA2B8CD}.AppStore|x64.Deploy.0 = Release|Any CPU
		{1C6E659A-E51F-4423-A13B-5B5DEAA2B8CD}.AppStore|x86.ActiveCfg = Release|Any CPU
		{1C6E659A-E51F-4423-A13B-5B5DEAA2B8CD}.AppStore|x86.Build.0 = Release|Any CPU
		{1C6E659A-E51F-4423-A13B-5B5DEAA2B8CD}.AppStore|x86.Deploy.0 = Release|Any CPU
		{1C6E659A-E51F-4423-A13B-5B5DEAA2B8CD}.Debug|Any CPU.ActiveCfg = Debug|Any CPU
		{1C6E659A-E51F-4423-A13B-5B5DEAA2B8CD}.Debug|Any CPU.Build.0 = Debug|Any CPU
		{1C6E659A-E51F-4423-A13B-5B5DEAA2B8CD}.Debug|Any CPU.Deploy.0 = Debug|Any CPU
		{1C6E659A-E51F-4423-A13B-5B5DEAA2B8CD}.Debug|ARM.ActiveCfg = Debug|Any CPU
		{1C6E659A-E51F-4423-A13B-5B5DEAA2B8CD}.Debug|ARM.Build.0 = Debug|Any CPU
		{1C6E659A-E51F-4423-A13B-5B5DEAA2B8CD}.Debug|ARM.Deploy.0 = Debug|Any CPU
		{1C6E659A-E51F-4423-A13B-5B5DEAA2B8CD}.Debug|ARM64.ActiveCfg = Debug|Any CPU
		{1C6E659A-E51F-4423-A13B-5B5DEAA2B8CD}.Debug|ARM64.Build.0 = Debug|Any CPU
		{1C6E659A-E51F-4423-A13B-5B5DEAA2B8CD}.Debug|ARM64.Deploy.0 = Debug|Any CPU
		{1C6E659A-E51F-4423-A13B-5B5DEAA2B8CD}.Debug|iPhone.ActiveCfg = Debug|Any CPU
		{1C6E659A-E51F-4423-A13B-5B5DEAA2B8CD}.Debug|iPhone.Build.0 = Debug|Any CPU
		{1C6E659A-E51F-4423-A13B-5B5DEAA2B8CD}.Debug|iPhone.Deploy.0 = Debug|Any CPU
		{1C6E659A-E51F-4423-A13B-5B5DEAA2B8CD}.Debug|iPhoneSimulator.ActiveCfg = Debug|Any CPU
		{1C6E659A-E51F-4423-A13B-5B5DEAA2B8CD}.Debug|iPhoneSimulator.Build.0 = Debug|Any CPU
		{1C6E659A-E51F-4423-A13B-5B5DEAA2B8CD}.Debug|iPhoneSimulator.Deploy.0 = Debug|Any CPU
		{1C6E659A-E51F-4423-A13B-5B5DEAA2B8CD}.Debug|x64.ActiveCfg = Debug|Any CPU
		{1C6E659A-E51F-4423-A13B-5B5DEAA2B8CD}.Debug|x64.Build.0 = Debug|Any CPU
		{1C6E659A-E51F-4423-A13B-5B5DEAA2B8CD}.Debug|x64.Deploy.0 = Debug|Any CPU
		{1C6E659A-E51F-4423-A13B-5B5DEAA2B8CD}.Debug|x86.ActiveCfg = Debug|Any CPU
		{1C6E659A-E51F-4423-A13B-5B5DEAA2B8CD}.Debug|x86.Build.0 = Debug|Any CPU
		{1C6E659A-E51F-4423-A13B-5B5DEAA2B8CD}.Debug|x86.Deploy.0 = Debug|Any CPU
		{1C6E659A-E51F-4423-A13B-5B5DEAA2B8CD}.Release|Any CPU.ActiveCfg = Release|Any CPU
		{1C6E659A-E51F-4423-A13B-5B5DEAA2B8CD}.Release|Any CPU.Build.0 = Release|Any CPU
		{1C6E659A-E51F-4423-A13B-5B5DEAA2B8CD}.Release|Any CPU.Deploy.0 = Release|Any CPU
		{1C6E659A-E51F-4423-A13B-5B5DEAA2B8CD}.Release|ARM.ActiveCfg = Release|Any CPU
		{1C6E659A-E51F-4423-A13B-5B5DEAA2B8CD}.Release|ARM.Build.0 = Release|Any CPU
		{1C6E659A-E51F-4423-A13B-5B5DEAA2B8CD}.Release|ARM.Deploy.0 = Release|Any CPU
		{1C6E659A-E51F-4423-A13B-5B5DEAA2B8CD}.Release|ARM64.ActiveCfg = Release|Any CPU
		{1C6E659A-E51F-4423-A13B-5B5DEAA2B8CD}.Release|ARM64.Build.0 = Release|Any CPU
		{1C6E659A-E51F-4423-A13B-5B5DEAA2B8CD}.Release|ARM64.Deploy.0 = Release|Any CPU
		{1C6E659A-E51F-4423-A13B-5B5DEAA2B8CD}.Release|iPhone.ActiveCfg = Release|Any CPU
		{1C6E659A-E51F-4423-A13B-5B5DEAA2B8CD}.Release|iPhone.Build.0 = Release|Any CPU
		{1C6E659A-E51F-4423-A13B-5B5DEAA2B8CD}.Release|iPhone.Deploy.0 = Release|Any CPU
		{1C6E659A-E51F-4423-A13B-5B5DEAA2B8CD}.Release|iPhoneSimulator.ActiveCfg = Release|Any CPU
		{1C6E659A-E51F-4423-A13B-5B5DEAA2B8CD}.Release|iPhoneSimulator.Build.0 = Release|Any CPU
		{1C6E659A-E51F-4423-A13B-5B5DEAA2B8CD}.Release|iPhoneSimulator.Deploy.0 = Release|Any CPU
		{1C6E659A-E51F-4423-A13B-5B5DEAA2B8CD}.Release|x64.ActiveCfg = Release|Any CPU
		{1C6E659A-E51F-4423-A13B-5B5DEAA2B8CD}.Release|x64.Build.0 = Release|Any CPU
		{1C6E659A-E51F-4423-A13B-5B5DEAA2B8CD}.Release|x64.Deploy.0 = Release|Any CPU
		{1C6E659A-E51F-4423-A13B-5B5DEAA2B8CD}.Release|x86.ActiveCfg = Release|Any CPU
		{1C6E659A-E51F-4423-A13B-5B5DEAA2B8CD}.Release|x86.Build.0 = Release|Any CPU
		{1C6E659A-E51F-4423-A13B-5B5DEAA2B8CD}.Release|x86.Deploy.0 = Release|Any CPU
		{A582FF56-894B-483E-B1E0-54225F0FD081}.Ad-Hoc|Any CPU.ActiveCfg = Release|Any CPU
		{A582FF56-894B-483E-B1E0-54225F0FD081}.Ad-Hoc|Any CPU.Build.0 = Release|Any CPU
		{A582FF56-894B-483E-B1E0-54225F0FD081}.Ad-Hoc|ARM.ActiveCfg = Release|Any CPU
		{A582FF56-894B-483E-B1E0-54225F0FD081}.Ad-Hoc|ARM.Build.0 = Release|Any CPU
		{A582FF56-894B-483E-B1E0-54225F0FD081}.Ad-Hoc|ARM64.ActiveCfg = Release|Any CPU
		{A582FF56-894B-483E-B1E0-54225F0FD081}.Ad-Hoc|ARM64.Build.0 = Release|Any CPU
		{A582FF56-894B-483E-B1E0-54225F0FD081}.Ad-Hoc|iPhone.ActiveCfg = Release|Any CPU
		{A582FF56-894B-483E-B1E0-54225F0FD081}.Ad-Hoc|iPhone.Build.0 = Release|Any CPU
		{A582FF56-894B-483E-B1E0-54225F0FD081}.Ad-Hoc|iPhoneSimulator.ActiveCfg = Release|Any CPU
		{A582FF56-894B-483E-B1E0-54225F0FD081}.Ad-Hoc|iPhoneSimulator.Build.0 = Release|Any CPU
		{A582FF56-894B-483E-B1E0-54225F0FD081}.Ad-Hoc|x64.ActiveCfg = Release|Any CPU
		{A582FF56-894B-483E-B1E0-54225F0FD081}.Ad-Hoc|x64.Build.0 = Release|Any CPU
		{A582FF56-894B-483E-B1E0-54225F0FD081}.Ad-Hoc|x86.ActiveCfg = Release|Any CPU
		{A582FF56-894B-483E-B1E0-54225F0FD081}.Ad-Hoc|x86.Build.0 = Release|Any CPU
		{A582FF56-894B-483E-B1E0-54225F0FD081}.AppStore|Any CPU.ActiveCfg = Release|Any CPU
		{A582FF56-894B-483E-B1E0-54225F0FD081}.AppStore|Any CPU.Build.0 = Release|Any CPU
		{A582FF56-894B-483E-B1E0-54225F0FD081}.AppStore|ARM.ActiveCfg = Release|Any CPU
		{A582FF56-894B-483E-B1E0-54225F0FD081}.AppStore|ARM.Build.0 = Release|Any CPU
		{A582FF56-894B-483E-B1E0-54225F0FD081}.AppStore|ARM64.ActiveCfg = Release|Any CPU
		{A582FF56-894B-483E-B1E0-54225F0FD081}.AppStore|ARM64.Build.0 = Release|Any CPU
		{A582FF56-894B-483E-B1E0-54225F0FD081}.AppStore|iPhone.ActiveCfg = Release|Any CPU
		{A582FF56-894B-483E-B1E0-54225F0FD081}.AppStore|iPhone.Build.0 = Release|Any CPU
		{A582FF56-894B-483E-B1E0-54225F0FD081}.AppStore|iPhoneSimulator.ActiveCfg = Release|Any CPU
		{A582FF56-894B-483E-B1E0-54225F0FD081}.AppStore|iPhoneSimulator.Build.0 = Release|Any CPU
		{A582FF56-894B-483E-B1E0-54225F0FD081}.AppStore|x64.ActiveCfg = Release|Any CPU
		{A582FF56-894B-483E-B1E0-54225F0FD081}.AppStore|x64.Build.0 = Release|Any CPU
		{A582FF56-894B-483E-B1E0-54225F0FD081}.AppStore|x86.ActiveCfg = Release|Any CPU
		{A582FF56-894B-483E-B1E0-54225F0FD081}.AppStore|x86.Build.0 = Release|Any CPU
		{A582FF56-894B-483E-B1E0-54225F0FD081}.Debug|Any CPU.ActiveCfg = Debug|Any CPU
		{A582FF56-894B-483E-B1E0-54225F0FD081}.Debug|Any CPU.Build.0 = Debug|Any CPU
		{A582FF56-894B-483E-B1E0-54225F0FD081}.Debug|ARM.ActiveCfg = Debug|Any CPU
		{A582FF56-894B-483E-B1E0-54225F0FD081}.Debug|ARM.Build.0 = Debug|Any CPU
		{A582FF56-894B-483E-B1E0-54225F0FD081}.Debug|ARM64.ActiveCfg = Debug|Any CPU
		{A582FF56-894B-483E-B1E0-54225F0FD081}.Debug|ARM64.Build.0 = Debug|Any CPU
		{A582FF56-894B-483E-B1E0-54225F0FD081}.Debug|iPhone.ActiveCfg = Debug|Any CPU
		{A582FF56-894B-483E-B1E0-54225F0FD081}.Debug|iPhone.Build.0 = Debug|Any CPU
		{A582FF56-894B-483E-B1E0-54225F0FD081}.Debug|iPhoneSimulator.ActiveCfg = Debug|Any CPU
		{A582FF56-894B-483E-B1E0-54225F0FD081}.Debug|iPhoneSimulator.Build.0 = Debug|Any CPU
		{A582FF56-894B-483E-B1E0-54225F0FD081}.Debug|x64.ActiveCfg = Debug|Any CPU
		{A582FF56-894B-483E-B1E0-54225F0FD081}.Debug|x64.Build.0 = Debug|Any CPU
		{A582FF56-894B-483E-B1E0-54225F0FD081}.Debug|x86.ActiveCfg = Debug|Any CPU
		{A582FF56-894B-483E-B1E0-54225F0FD081}.Debug|x86.Build.0 = Debug|Any CPU
		{A582FF56-894B-483E-B1E0-54225F0FD081}.Release|Any CPU.ActiveCfg = Release|Any CPU
		{A582FF56-894B-483E-B1E0-54225F0FD081}.Release|Any CPU.Build.0 = Release|Any CPU
		{A582FF56-894B-483E-B1E0-54225F0FD081}.Release|ARM.ActiveCfg = Release|Any CPU
		{A582FF56-894B-483E-B1E0-54225F0FD081}.Release|ARM.Build.0 = Release|Any CPU
		{A582FF56-894B-483E-B1E0-54225F0FD081}.Release|ARM64.ActiveCfg = Release|Any CPU
		{A582FF56-894B-483E-B1E0-54225F0FD081}.Release|ARM64.Build.0 = Release|Any CPU
		{A582FF56-894B-483E-B1E0-54225F0FD081}.Release|iPhone.ActiveCfg = Release|Any CPU
		{A582FF56-894B-483E-B1E0-54225F0FD081}.Release|iPhone.Build.0 = Release|Any CPU
		{A582FF56-894B-483E-B1E0-54225F0FD081}.Release|iPhoneSimulator.ActiveCfg = Release|Any CPU
		{A582FF56-894B-483E-B1E0-54225F0FD081}.Release|iPhoneSimulator.Build.0 = Release|Any CPU
		{A582FF56-894B-483E-B1E0-54225F0FD081}.Release|x64.ActiveCfg = Release|Any CPU
		{A582FF56-894B-483E-B1E0-54225F0FD081}.Release|x64.Build.0 = Release|Any CPU
		{A582FF56-894B-483E-B1E0-54225F0FD081}.Release|x86.ActiveCfg = Release|Any CPU
		{A582FF56-894B-483E-B1E0-54225F0FD081}.Release|x86.Build.0 = Release|Any CPU
		{B36695DB-AC4A-41C3-8A17-C6787D0CE61E}.Ad-Hoc|Any CPU.ActiveCfg = Debug|Any CPU
		{B36695DB-AC4A-41C3-8A17-C6787D0CE61E}.Ad-Hoc|Any CPU.Build.0 = Debug|Any CPU
		{B36695DB-AC4A-41C3-8A17-C6787D0CE61E}.Ad-Hoc|ARM.ActiveCfg = Debug|Any CPU
		{B36695DB-AC4A-41C3-8A17-C6787D0CE61E}.Ad-Hoc|ARM.Build.0 = Debug|Any CPU
		{B36695DB-AC4A-41C3-8A17-C6787D0CE61E}.Ad-Hoc|ARM64.ActiveCfg = Debug|Any CPU
		{B36695DB-AC4A-41C3-8A17-C6787D0CE61E}.Ad-Hoc|ARM64.Build.0 = Debug|Any CPU
		{B36695DB-AC4A-41C3-8A17-C6787D0CE61E}.Ad-Hoc|iPhone.ActiveCfg = Debug|Any CPU
		{B36695DB-AC4A-41C3-8A17-C6787D0CE61E}.Ad-Hoc|iPhone.Build.0 = Debug|Any CPU
		{B36695DB-AC4A-41C3-8A17-C6787D0CE61E}.Ad-Hoc|iPhoneSimulator.ActiveCfg = Debug|Any CPU
		{B36695DB-AC4A-41C3-8A17-C6787D0CE61E}.Ad-Hoc|iPhoneSimulator.Build.0 = Debug|Any CPU
		{B36695DB-AC4A-41C3-8A17-C6787D0CE61E}.Ad-Hoc|x64.ActiveCfg = Debug|Any CPU
		{B36695DB-AC4A-41C3-8A17-C6787D0CE61E}.Ad-Hoc|x64.Build.0 = Debug|Any CPU
		{B36695DB-AC4A-41C3-8A17-C6787D0CE61E}.Ad-Hoc|x86.ActiveCfg = Debug|Any CPU
		{B36695DB-AC4A-41C3-8A17-C6787D0CE61E}.Ad-Hoc|x86.Build.0 = Debug|Any CPU
		{B36695DB-AC4A-41C3-8A17-C6787D0CE61E}.AppStore|Any CPU.ActiveCfg = Debug|Any CPU
		{B36695DB-AC4A-41C3-8A17-C6787D0CE61E}.AppStore|Any CPU.Build.0 = Debug|Any CPU
		{B36695DB-AC4A-41C3-8A17-C6787D0CE61E}.AppStore|ARM.ActiveCfg = Debug|Any CPU
		{B36695DB-AC4A-41C3-8A17-C6787D0CE61E}.AppStore|ARM.Build.0 = Debug|Any CPU
		{B36695DB-AC4A-41C3-8A17-C6787D0CE61E}.AppStore|ARM64.ActiveCfg = Debug|Any CPU
		{B36695DB-AC4A-41C3-8A17-C6787D0CE61E}.AppStore|ARM64.Build.0 = Debug|Any CPU
		{B36695DB-AC4A-41C3-8A17-C6787D0CE61E}.AppStore|iPhone.ActiveCfg = Debug|Any CPU
		{B36695DB-AC4A-41C3-8A17-C6787D0CE61E}.AppStore|iPhone.Build.0 = Debug|Any CPU
		{B36695DB-AC4A-41C3-8A17-C6787D0CE61E}.AppStore|iPhoneSimulator.ActiveCfg = Debug|Any CPU
		{B36695DB-AC4A-41C3-8A17-C6787D0CE61E}.AppStore|iPhoneSimulator.Build.0 = Debug|Any CPU
		{B36695DB-AC4A-41C3-8A17-C6787D0CE61E}.AppStore|x64.ActiveCfg = Debug|Any CPU
		{B36695DB-AC4A-41C3-8A17-C6787D0CE61E}.AppStore|x64.Build.0 = Debug|Any CPU
		{B36695DB-AC4A-41C3-8A17-C6787D0CE61E}.AppStore|x86.ActiveCfg = Debug|Any CPU
		{B36695DB-AC4A-41C3-8A17-C6787D0CE61E}.AppStore|x86.Build.0 = Debug|Any CPU
		{B36695DB-AC4A-41C3-8A17-C6787D0CE61E}.Debug|Any CPU.ActiveCfg = Debug|Any CPU
		{B36695DB-AC4A-41C3-8A17-C6787D0CE61E}.Debug|Any CPU.Build.0 = Debug|Any CPU
		{B36695DB-AC4A-41C3-8A17-C6787D0CE61E}.Debug|ARM.ActiveCfg = Debug|Any CPU
		{B36695DB-AC4A-41C3-8A17-C6787D0CE61E}.Debug|ARM.Build.0 = Debug|Any CPU
		{B36695DB-AC4A-41C3-8A17-C6787D0CE61E}.Debug|ARM64.ActiveCfg = Debug|Any CPU
		{B36695DB-AC4A-41C3-8A17-C6787D0CE61E}.Debug|ARM64.Build.0 = Debug|Any CPU
		{B36695DB-AC4A-41C3-8A17-C6787D0CE61E}.Debug|iPhone.ActiveCfg = Debug|Any CPU
		{B36695DB-AC4A-41C3-8A17-C6787D0CE61E}.Debug|iPhone.Build.0 = Debug|Any CPU
		{B36695DB-AC4A-41C3-8A17-C6787D0CE61E}.Debug|iPhoneSimulator.ActiveCfg = Debug|Any CPU
		{B36695DB-AC4A-41C3-8A17-C6787D0CE61E}.Debug|iPhoneSimulator.Build.0 = Debug|Any CPU
		{B36695DB-AC4A-41C3-8A17-C6787D0CE61E}.Debug|x64.ActiveCfg = Debug|Any CPU
		{B36695DB-AC4A-41C3-8A17-C6787D0CE61E}.Debug|x64.Build.0 = Debug|Any CPU
		{B36695DB-AC4A-41C3-8A17-C6787D0CE61E}.Debug|x86.ActiveCfg = Debug|Any CPU
		{B36695DB-AC4A-41C3-8A17-C6787D0CE61E}.Debug|x86.Build.0 = Debug|Any CPU
		{B36695DB-AC4A-41C3-8A17-C6787D0CE61E}.Release|Any CPU.ActiveCfg = Release|Any CPU
		{B36695DB-AC4A-41C3-8A17-C6787D0CE61E}.Release|Any CPU.Build.0 = Release|Any CPU
		{B36695DB-AC4A-41C3-8A17-C6787D0CE61E}.Release|ARM.ActiveCfg = Release|Any CPU
		{B36695DB-AC4A-41C3-8A17-C6787D0CE61E}.Release|ARM.Build.0 = Release|Any CPU
		{B36695DB-AC4A-41C3-8A17-C6787D0CE61E}.Release|ARM64.ActiveCfg = Release|Any CPU
		{B36695DB-AC4A-41C3-8A17-C6787D0CE61E}.Release|ARM64.Build.0 = Release|Any CPU
		{B36695DB-AC4A-41C3-8A17-C6787D0CE61E}.Release|iPhone.ActiveCfg = Release|Any CPU
		{B36695DB-AC4A-41C3-8A17-C6787D0CE61E}.Release|iPhone.Build.0 = Release|Any CPU
		{B36695DB-AC4A-41C3-8A17-C6787D0CE61E}.Release|iPhoneSimulator.ActiveCfg = Release|Any CPU
		{B36695DB-AC4A-41C3-8A17-C6787D0CE61E}.Release|iPhoneSimulator.Build.0 = Release|Any CPU
		{B36695DB-AC4A-41C3-8A17-C6787D0CE61E}.Release|x64.ActiveCfg = Release|Any CPU
		{B36695DB-AC4A-41C3-8A17-C6787D0CE61E}.Release|x64.Build.0 = Release|Any CPU
		{B36695DB-AC4A-41C3-8A17-C6787D0CE61E}.Release|x86.ActiveCfg = Release|Any CPU
		{B36695DB-AC4A-41C3-8A17-C6787D0CE61E}.Release|x86.Build.0 = Release|Any CPU
		{67613341-524B-4164-9F0C-E1532CDE6D18}.Ad-Hoc|Any CPU.ActiveCfg = Debug|Any CPU
		{67613341-524B-4164-9F0C-E1532CDE6D18}.Ad-Hoc|Any CPU.Build.0 = Debug|Any CPU
		{67613341-524B-4164-9F0C-E1532CDE6D18}.Ad-Hoc|ARM.ActiveCfg = Debug|Any CPU
		{67613341-524B-4164-9F0C-E1532CDE6D18}.Ad-Hoc|ARM.Build.0 = Debug|Any CPU
		{67613341-524B-4164-9F0C-E1532CDE6D18}.Ad-Hoc|ARM64.ActiveCfg = Debug|Any CPU
		{67613341-524B-4164-9F0C-E1532CDE6D18}.Ad-Hoc|ARM64.Build.0 = Debug|Any CPU
		{67613341-524B-4164-9F0C-E1532CDE6D18}.Ad-Hoc|iPhone.ActiveCfg = Debug|Any CPU
		{67613341-524B-4164-9F0C-E1532CDE6D18}.Ad-Hoc|iPhone.Build.0 = Debug|Any CPU
		{67613341-524B-4164-9F0C-E1532CDE6D18}.Ad-Hoc|iPhoneSimulator.ActiveCfg = Debug|Any CPU
		{67613341-524B-4164-9F0C-E1532CDE6D18}.Ad-Hoc|iPhoneSimulator.Build.0 = Debug|Any CPU
		{67613341-524B-4164-9F0C-E1532CDE6D18}.Ad-Hoc|x64.ActiveCfg = Debug|Any CPU
		{67613341-524B-4164-9F0C-E1532CDE6D18}.Ad-Hoc|x64.Build.0 = Debug|Any CPU
		{67613341-524B-4164-9F0C-E1532CDE6D18}.Ad-Hoc|x86.ActiveCfg = Debug|Any CPU
		{67613341-524B-4164-9F0C-E1532CDE6D18}.Ad-Hoc|x86.Build.0 = Debug|Any CPU
		{67613341-524B-4164-9F0C-E1532CDE6D18}.AppStore|Any CPU.ActiveCfg = Debug|Any CPU
		{67613341-524B-4164-9F0C-E1532CDE6D18}.AppStore|Any CPU.Build.0 = Debug|Any CPU
		{67613341-524B-4164-9F0C-E1532CDE6D18}.AppStore|ARM.ActiveCfg = Debug|Any CPU
		{67613341-524B-4164-9F0C-E1532CDE6D18}.AppStore|ARM.Build.0 = Debug|Any CPU
		{67613341-524B-4164-9F0C-E1532CDE6D18}.AppStore|ARM64.ActiveCfg = Debug|Any CPU
		{67613341-524B-4164-9F0C-E1532CDE6D18}.AppStore|ARM64.Build.0 = Debug|Any CPU
		{67613341-524B-4164-9F0C-E1532CDE6D18}.AppStore|iPhone.ActiveCfg = Debug|Any CPU
		{67613341-524B-4164-9F0C-E1532CDE6D18}.AppStore|iPhone.Build.0 = Debug|Any CPU
		{67613341-524B-4164-9F0C-E1532CDE6D18}.AppStore|iPhoneSimulator.ActiveCfg = Debug|Any CPU
		{67613341-524B-4164-9F0C-E1532CDE6D18}.AppStore|iPhoneSimulator.Build.0 = Debug|Any CPU
		{67613341-524B-4164-9F0C-E1532CDE6D18}.AppStore|x64.ActiveCfg = Debug|Any CPU
		{67613341-524B-4164-9F0C-E1532CDE6D18}.AppStore|x64.Build.0 = Debug|Any CPU
		{67613341-524B-4164-9F0C-E1532CDE6D18}.AppStore|x86.ActiveCfg = Debug|Any CPU
		{67613341-524B-4164-9F0C-E1532CDE6D18}.AppStore|x86.Build.0 = Debug|Any CPU
		{67613341-524B-4164-9F0C-E1532CDE6D18}.Debug|Any CPU.ActiveCfg = Debug|Any CPU
		{67613341-524B-4164-9F0C-E1532CDE6D18}.Debug|Any CPU.Build.0 = Debug|Any CPU
		{67613341-524B-4164-9F0C-E1532CDE6D18}.Debug|ARM.ActiveCfg = Debug|Any CPU
		{67613341-524B-4164-9F0C-E1532CDE6D18}.Debug|ARM.Build.0 = Debug|Any CPU
		{67613341-524B-4164-9F0C-E1532CDE6D18}.Debug|ARM64.ActiveCfg = Debug|Any CPU
		{67613341-524B-4164-9F0C-E1532CDE6D18}.Debug|ARM64.Build.0 = Debug|Any CPU
		{67613341-524B-4164-9F0C-E1532CDE6D18}.Debug|iPhone.ActiveCfg = Debug|Any CPU
		{67613341-524B-4164-9F0C-E1532CDE6D18}.Debug|iPhone.Build.0 = Debug|Any CPU
		{67613341-524B-4164-9F0C-E1532CDE6D18}.Debug|iPhoneSimulator.ActiveCfg = Debug|Any CPU
		{67613341-524B-4164-9F0C-E1532CDE6D18}.Debug|iPhoneSimulator.Build.0 = Debug|Any CPU
		{67613341-524B-4164-9F0C-E1532CDE6D18}.Debug|x64.ActiveCfg = Debug|Any CPU
		{67613341-524B-4164-9F0C-E1532CDE6D18}.Debug|x64.Build.0 = Debug|Any CPU
		{67613341-524B-4164-9F0C-E1532CDE6D18}.Debug|x86.ActiveCfg = Debug|Any CPU
		{67613341-524B-4164-9F0C-E1532CDE6D18}.Debug|x86.Build.0 = Debug|Any CPU
		{67613341-524B-4164-9F0C-E1532CDE6D18}.Release|Any CPU.ActiveCfg = Release|Any CPU
		{67613341-524B-4164-9F0C-E1532CDE6D18}.Release|Any CPU.Build.0 = Release|Any CPU
		{67613341-524B-4164-9F0C-E1532CDE6D18}.Release|ARM.ActiveCfg = Release|Any CPU
		{67613341-524B-4164-9F0C-E1532CDE6D18}.Release|ARM.Build.0 = Release|Any CPU
		{67613341-524B-4164-9F0C-E1532CDE6D18}.Release|ARM64.ActiveCfg = Release|Any CPU
		{67613341-524B-4164-9F0C-E1532CDE6D18}.Release|ARM64.Build.0 = Release|Any CPU
		{67613341-524B-4164-9F0C-E1532CDE6D18}.Release|iPhone.ActiveCfg = Release|Any CPU
		{67613341-524B-4164-9F0C-E1532CDE6D18}.Release|iPhone.Build.0 = Release|Any CPU
		{67613341-524B-4164-9F0C-E1532CDE6D18}.Release|iPhoneSimulator.ActiveCfg = Release|Any CPU
		{67613341-524B-4164-9F0C-E1532CDE6D18}.Release|iPhoneSimulator.Build.0 = Release|Any CPU
		{67613341-524B-4164-9F0C-E1532CDE6D18}.Release|x64.ActiveCfg = Release|Any CPU
		{67613341-524B-4164-9F0C-E1532CDE6D18}.Release|x64.Build.0 = Release|Any CPU
		{67613341-524B-4164-9F0C-E1532CDE6D18}.Release|x86.ActiveCfg = Release|Any CPU
		{67613341-524B-4164-9F0C-E1532CDE6D18}.Release|x86.Build.0 = Release|Any CPU
		{6BB1B299-B471-4A2C-9F98-EDA2E535467A}.Ad-Hoc|Any CPU.ActiveCfg = Debug|Any CPU
		{6BB1B299-B471-4A2C-9F98-EDA2E535467A}.Ad-Hoc|Any CPU.Build.0 = Debug|Any CPU
		{6BB1B299-B471-4A2C-9F98-EDA2E535467A}.Ad-Hoc|ARM.ActiveCfg = Debug|Any CPU
		{6BB1B299-B471-4A2C-9F98-EDA2E535467A}.Ad-Hoc|ARM.Build.0 = Debug|Any CPU
		{6BB1B299-B471-4A2C-9F98-EDA2E535467A}.Ad-Hoc|ARM64.ActiveCfg = Debug|Any CPU
		{6BB1B299-B471-4A2C-9F98-EDA2E535467A}.Ad-Hoc|ARM64.Build.0 = Debug|Any CPU
		{6BB1B299-B471-4A2C-9F98-EDA2E535467A}.Ad-Hoc|iPhone.ActiveCfg = Debug|Any CPU
		{6BB1B299-B471-4A2C-9F98-EDA2E535467A}.Ad-Hoc|iPhone.Build.0 = Debug|Any CPU
		{6BB1B299-B471-4A2C-9F98-EDA2E535467A}.Ad-Hoc|iPhoneSimulator.ActiveCfg = Debug|Any CPU
		{6BB1B299-B471-4A2C-9F98-EDA2E535467A}.Ad-Hoc|iPhoneSimulator.Build.0 = Debug|Any CPU
		{6BB1B299-B471-4A2C-9F98-EDA2E535467A}.Ad-Hoc|x64.ActiveCfg = Debug|Any CPU
		{6BB1B299-B471-4A2C-9F98-EDA2E535467A}.Ad-Hoc|x64.Build.0 = Debug|Any CPU
		{6BB1B299-B471-4A2C-9F98-EDA2E535467A}.Ad-Hoc|x86.ActiveCfg = Debug|Any CPU
		{6BB1B299-B471-4A2C-9F98-EDA2E535467A}.Ad-Hoc|x86.Build.0 = Debug|Any CPU
		{6BB1B299-B471-4A2C-9F98-EDA2E535467A}.AppStore|Any CPU.ActiveCfg = Debug|Any CPU
		{6BB1B299-B471-4A2C-9F98-EDA2E535467A}.AppStore|Any CPU.Build.0 = Debug|Any CPU
		{6BB1B299-B471-4A2C-9F98-EDA2E535467A}.AppStore|ARM.ActiveCfg = Debug|Any CPU
		{6BB1B299-B471-4A2C-9F98-EDA2E535467A}.AppStore|ARM.Build.0 = Debug|Any CPU
		{6BB1B299-B471-4A2C-9F98-EDA2E535467A}.AppStore|ARM64.ActiveCfg = Debug|Any CPU
		{6BB1B299-B471-4A2C-9F98-EDA2E535467A}.AppStore|ARM64.Build.0 = Debug|Any CPU
		{6BB1B299-B471-4A2C-9F98-EDA2E535467A}.AppStore|iPhone.ActiveCfg = Debug|Any CPU
		{6BB1B299-B471-4A2C-9F98-EDA2E535467A}.AppStore|iPhone.Build.0 = Debug|Any CPU
		{6BB1B299-B471-4A2C-9F98-EDA2E535467A}.AppStore|iPhoneSimulator.ActiveCfg = Debug|Any CPU
		{6BB1B299-B471-4A2C-9F98-EDA2E535467A}.AppStore|iPhoneSimulator.Build.0 = Debug|Any CPU
		{6BB1B299-B471-4A2C-9F98-EDA2E535467A}.AppStore|x64.ActiveCfg = Debug|Any CPU
		{6BB1B299-B471-4A2C-9F98-EDA2E535467A}.AppStore|x64.Build.0 = Debug|Any CPU
		{6BB1B299-B471-4A2C-9F98-EDA2E535467A}.AppStore|x86.ActiveCfg = Debug|Any CPU
		{6BB1B299-B471-4A2C-9F98-EDA2E535467A}.AppStore|x86.Build.0 = Debug|Any CPU
		{6BB1B299-B471-4A2C-9F98-EDA2E535467A}.Debug|Any CPU.ActiveCfg = Debug|Any CPU
		{6BB1B299-B471-4A2C-9F98-EDA2E535467A}.Debug|Any CPU.Build.0 = Debug|Any CPU
		{6BB1B299-B471-4A2C-9F98-EDA2E535467A}.Debug|ARM.ActiveCfg = Debug|Any CPU
		{6BB1B299-B471-4A2C-9F98-EDA2E535467A}.Debug|ARM.Build.0 = Debug|Any CPU
		{6BB1B299-B471-4A2C-9F98-EDA2E535467A}.Debug|ARM64.ActiveCfg = Debug|Any CPU
		{6BB1B299-B471-4A2C-9F98-EDA2E535467A}.Debug|ARM64.Build.0 = Debug|Any CPU
		{6BB1B299-B471-4A2C-9F98-EDA2E535467A}.Debug|iPhone.ActiveCfg = Debug|Any CPU
		{6BB1B299-B471-4A2C-9F98-EDA2E535467A}.Debug|iPhone.Build.0 = Debug|Any CPU
		{6BB1B299-B471-4A2C-9F98-EDA2E535467A}.Debug|iPhoneSimulator.ActiveCfg = Debug|Any CPU
		{6BB1B299-B471-4A2C-9F98-EDA2E535467A}.Debug|iPhoneSimulator.Build.0 = Debug|Any CPU
		{6BB1B299-B471-4A2C-9F98-EDA2E535467A}.Debug|x64.ActiveCfg = Debug|Any CPU
		{6BB1B299-B471-4A2C-9F98-EDA2E535467A}.Debug|x64.Build.0 = Debug|Any CPU
		{6BB1B299-B471-4A2C-9F98-EDA2E535467A}.Debug|x86.ActiveCfg = Debug|Any CPU
		{6BB1B299-B471-4A2C-9F98-EDA2E535467A}.Debug|x86.Build.0 = Debug|Any CPU
		{6BB1B299-B471-4A2C-9F98-EDA2E535467A}.Release|Any CPU.ActiveCfg = Release|Any CPU
		{6BB1B299-B471-4A2C-9F98-EDA2E535467A}.Release|Any CPU.Build.0 = Release|Any CPU
		{6BB1B299-B471-4A2C-9F98-EDA2E535467A}.Release|ARM.ActiveCfg = Release|Any CPU
		{6BB1B299-B471-4A2C-9F98-EDA2E535467A}.Release|ARM.Build.0 = Release|Any CPU
		{6BB1B299-B471-4A2C-9F98-EDA2E535467A}.Release|ARM64.ActiveCfg = Release|Any CPU
		{6BB1B299-B471-4A2C-9F98-EDA2E535467A}.Release|ARM64.Build.0 = Release|Any CPU
		{6BB1B299-B471-4A2C-9F98-EDA2E535467A}.Release|iPhone.ActiveCfg = Release|Any CPU
		{6BB1B299-B471-4A2C-9F98-EDA2E535467A}.Release|iPhone.Build.0 = Release|Any CPU
		{6BB1B299-B471-4A2C-9F98-EDA2E535467A}.Release|iPhoneSimulator.ActiveCfg = Release|Any CPU
		{6BB1B299-B471-4A2C-9F98-EDA2E535467A}.Release|iPhoneSimulator.Build.0 = Release|Any CPU
		{6BB1B299-B471-4A2C-9F98-EDA2E535467A}.Release|x64.ActiveCfg = Release|Any CPU
		{6BB1B299-B471-4A2C-9F98-EDA2E535467A}.Release|x64.Build.0 = Release|Any CPU
		{6BB1B299-B471-4A2C-9F98-EDA2E535467A}.Release|x86.ActiveCfg = Release|Any CPU
		{6BB1B299-B471-4A2C-9F98-EDA2E535467A}.Release|x86.Build.0 = Release|Any CPU
	EndGlobalSection
	GlobalSection(SolutionProperties) = preSolution
		HideSolutionNode = FALSE
	EndGlobalSection
	GlobalSection(ExtensibilityGlobals) = postSolution
		SolutionGuid = {C33A37EB-7F6B-449B-BAED-E42F0F97D65D}
	EndGlobalSection
EndGlobal
